// !$*UTF8*$!
{
	archiveVersion = 1;
	classes = {
	};
	objectVersion = 56;
	objects = {

/* Begin PBXBuildFile section */
		B00899FB29EFD8830062054E /* Text+describing.swift in Sources */ = {isa = PBXBuildFile; fileRef = B00899FA29EFD8830062054E /* Text+describing.swift */; };
		B00899FE29F002AA0062054E /* BottomBar.swift in Sources */ = {isa = PBXBuildFile; fileRef = B00899FD29F002AA0062054E /* BottomBar.swift */; };
		B0089A0029F1C6360062054E /* AppProperties.swift in Sources */ = {isa = PBXBuildFile; fileRef = B00899FF29F1C6360062054E /* AppProperties.swift */; };
		B0089A0329F27BDB0062054E /* PersonList.swift in Sources */ = {isa = PBXBuildFile; fileRef = B0089A0229F27BDB0062054E /* PersonList.swift */; };
		B0089A0629F2AB010062054E /* FirebaseStorageImageType.swift in Sources */ = {isa = PBXBuildFile; fileRef = B0089A0529F2AB010062054E /* FirebaseStorageImageType.swift */; };
		B0089A0829F2AC910062054E /* FirebaseImageStorage.swift in Sources */ = {isa = PBXBuildFile; fileRef = B0089A0729F2AC910062054E /* FirebaseImageStorage.swift */; };
		B0089A0A29F2AD670062054E /* FirebaseStorageCache.swift in Sources */ = {isa = PBXBuildFile; fileRef = B0089A0929F2AD670062054E /* FirebaseStorageCache.swift */; };
		B0089A0C29F2C32C0062054E /* View+if.swift in Sources */ = {isa = PBXBuildFile; fileRef = B0089A0B29F2C32B0062054E /* View+if.swift */; };
		B03563C029DEE215000BB7AD /* StrafenProjectApp.swift in Sources */ = {isa = PBXBuildFile; fileRef = B03563BF29DEE215000BB7AD /* StrafenProjectApp.swift */; };
		B03563C229DEE215000BB7AD /* ContentView.swift in Sources */ = {isa = PBXBuildFile; fileRef = B03563C129DEE215000BB7AD /* ContentView.swift */; };
		B03563C429DEE21A000BB7AD /* Assets.xcassets in Resources */ = {isa = PBXBuildFile; fileRef = B03563C329DEE21A000BB7AD /* Assets.xcassets */; };
		B03563C729DEE21A000BB7AD /* Preview Assets.xcassets in Resources */ = {isa = PBXBuildFile; fileRef = B03563C629DEE21A000BB7AD /* Preview Assets.xcassets */; };
		B03563DB29DEE21B000BB7AD /* StrafenProjectUITests.swift in Sources */ = {isa = PBXBuildFile; fileRef = B03563DA29DEE21B000BB7AD /* StrafenProjectUITests.swift */; };
		B03563DD29DEE21B000BB7AD /* StrafenProjectUITestsLaunchTests.swift in Sources */ = {isa = PBXBuildFile; fileRef = B03563DC29DEE21B000BB7AD /* StrafenProjectUITestsLaunchTests.swift */; };
		B03563EA29DEE9E2000BB7AD /* GoogleService-Info.plist in Resources */ = {isa = PBXBuildFile; fileRef = B03563E929DEE9E2000BB7AD /* GoogleService-Info.plist */; };
		B03563ED29DEEDC5000BB7AD /* FirebaseAnalytics in Frameworks */ = {isa = PBXBuildFile; productRef = B03563EC29DEEDC5000BB7AD /* FirebaseAnalytics */; };
		B03563EF29DEEDC5000BB7AD /* FirebaseAnalyticsOnDeviceConversion in Frameworks */ = {isa = PBXBuildFile; productRef = B03563EE29DEEDC5000BB7AD /* FirebaseAnalyticsOnDeviceConversion */; };
		B03563F129DEEDC5000BB7AD /* FirebaseAnalyticsSwift in Frameworks */ = {isa = PBXBuildFile; productRef = B03563F029DEEDC5000BB7AD /* FirebaseAnalyticsSwift */; };
		B03563F329DEEDC5000BB7AD /* FirebaseAnalyticsWithoutAdIdSupport in Frameworks */ = {isa = PBXBuildFile; productRef = B03563F229DEEDC5000BB7AD /* FirebaseAnalyticsWithoutAdIdSupport */; };
		B03563F529DEEDC6000BB7AD /* FirebaseAuth in Frameworks */ = {isa = PBXBuildFile; productRef = B03563F429DEEDC6000BB7AD /* FirebaseAuth */; };
		B03563F729DEEDC6000BB7AD /* FirebaseAuthCombine-Community in Frameworks */ = {isa = PBXBuildFile; productRef = B03563F629DEEDC6000BB7AD /* FirebaseAuthCombine-Community */; };
		B03563F929DEEDC6000BB7AD /* FirebaseCrashlytics in Frameworks */ = {isa = PBXBuildFile; productRef = B03563F829DEEDC6000BB7AD /* FirebaseCrashlytics */; };
		B03563FB29DEEDC6000BB7AD /* FirebaseDatabase in Frameworks */ = {isa = PBXBuildFile; productRef = B03563FA29DEEDC6000BB7AD /* FirebaseDatabase */; };
		B03563FD29DEEDC6000BB7AD /* FirebaseDatabaseSwift in Frameworks */ = {isa = PBXBuildFile; productRef = B03563FC29DEEDC6000BB7AD /* FirebaseDatabaseSwift */; };
		B03563FF29DEEDC6000BB7AD /* FirebaseFirestore in Frameworks */ = {isa = PBXBuildFile; productRef = B03563FE29DEEDC6000BB7AD /* FirebaseFirestore */; };
		B035640129DEEDC6000BB7AD /* FirebaseFirestoreCombine-Community in Frameworks */ = {isa = PBXBuildFile; productRef = B035640029DEEDC6000BB7AD /* FirebaseFirestoreCombine-Community */; };
		B035640329DEEDC6000BB7AD /* FirebaseFirestoreSwift in Frameworks */ = {isa = PBXBuildFile; productRef = B035640229DEEDC6000BB7AD /* FirebaseFirestoreSwift */; };
		B035640529DEEDC6000BB7AD /* FirebaseFunctions in Frameworks */ = {isa = PBXBuildFile; productRef = B035640429DEEDC6000BB7AD /* FirebaseFunctions */; };
		B035640729DEEDC6000BB7AD /* FirebaseFunctionsCombine-Community in Frameworks */ = {isa = PBXBuildFile; productRef = B035640629DEEDC6000BB7AD /* FirebaseFunctionsCombine-Community */; };
		B035640929DEEDC6000BB7AD /* FirebaseInstallations in Frameworks */ = {isa = PBXBuildFile; productRef = B035640829DEEDC6000BB7AD /* FirebaseInstallations */; };
		B035640D29DEEDC6000BB7AD /* FirebasePerformance in Frameworks */ = {isa = PBXBuildFile; productRef = B035640C29DEEDC6000BB7AD /* FirebasePerformance */; };
		B035640F29DEEDC6000BB7AD /* FirebaseStorage in Frameworks */ = {isa = PBXBuildFile; productRef = B035640E29DEEDC6000BB7AD /* FirebaseStorage */; };
		B035641129DEEDC6000BB7AD /* FirebaseStorageCombine-Community in Frameworks */ = {isa = PBXBuildFile; productRef = B035641029DEEDC6000BB7AD /* FirebaseStorageCombine-Community */; };
		B035641429DEF2A5000BB7AD /* Bit.swift in Sources */ = {isa = PBXBuildFile; fileRef = B035641329DEF2A5000BB7AD /* Bit.swift */; };
		B035641629DEF45A000BB7AD /* DataToBitIterator.swift in Sources */ = {isa = PBXBuildFile; fileRef = B035641529DEF45A000BB7AD /* DataToBitIterator.swift */; };
		B035641829DEF71F000BB7AD /* CombineIterator.swift in Sources */ = {isa = PBXBuildFile; fileRef = B035641729DEF71F000BB7AD /* CombineIterator.swift */; };
		B035641A29DEF82C000BB7AD /* PseudoRandom.swift in Sources */ = {isa = PBXBuildFile; fileRef = B035641929DEF82C000BB7AD /* PseudoRandom.swift */; };
		B035641C29DEF912000BB7AD /* RandomBitIterator.swift in Sources */ = {isa = PBXBuildFile; fileRef = B035641B29DEF912000BB7AD /* RandomBitIterator.swift */; };
		B035642029DEFABE000BB7AD /* Crypter.swift in Sources */ = {isa = PBXBuildFile; fileRef = B035641F29DEFABE000BB7AD /* Crypter.swift */; };
		B035642329DEFB5F000BB7AD /* CryptoSwift in Frameworks */ = {isa = PBXBuildFile; productRef = B035642229DEFB5F000BB7AD /* CryptoSwift */; };
		B035642529DEFCE3000BB7AD /* Data+Unishort.swift in Sources */ = {isa = PBXBuildFile; fileRef = B035642429DEFCE3000BB7AD /* Data+Unishort.swift */; };
		B035642729DF078A000BB7AD /* CrypterTests.swift in Sources */ = {isa = PBXBuildFile; fileRef = B035642629DF078A000BB7AD /* CrypterTests.swift */; };
		B05AF41B29E2ADB000BA15F0 /* PersonEditFunction.swift in Sources */ = {isa = PBXBuildFile; fileRef = B05AF41A29E2ADB000BA15F0 /* PersonEditFunction.swift */; };
		B05AF41D29E2B1C500BA15F0 /* PersonGetCurrentFunction.swift in Sources */ = {isa = PBXBuildFile; fileRef = B05AF41C29E2B1C500BA15F0 /* PersonGetCurrentFunction.swift */; };
		B05AF41F29E2B94300BA15F0 /* PersonGetFunction.swift in Sources */ = {isa = PBXBuildFile; fileRef = B05AF41E29E2B94300BA15F0 /* PersonGetFunction.swift */; };
		B05AF42129E2BB5600BA15F0 /* PersonRegisterFunction.swift in Sources */ = {isa = PBXBuildFile; fileRef = B05AF42029E2BB5500BA15F0 /* PersonRegisterFunction.swift */; };
		B05AF42329E2E3B300BA15F0 /* ReasonTemplateEditFunction.swift in Sources */ = {isa = PBXBuildFile; fileRef = B05AF42229E2E3B300BA15F0 /* ReasonTemplateEditFunction.swift */; };
		B05AF42529E2E6D300BA15F0 /* ReasonTemplateGetFunction.swift in Sources */ = {isa = PBXBuildFile; fileRef = B05AF42429E2E6D300BA15F0 /* ReasonTemplateGetFunction.swift */; };
		B05AF42729E2F2A700BA15F0 /* ConnectionState.swift in Sources */ = {isa = PBXBuildFile; fileRef = B05AF42629E2F2A700BA15F0 /* ConnectionState.swift */; };
		B05AF42929E2F2E400BA15F0 /* OperationResult.swift in Sources */ = {isa = PBXBuildFile; fileRef = B05AF42829E2F2E400BA15F0 /* OperationResult.swift */; };
		B05AF42B29E2F43E00BA15F0 /* ValidationResult.swift in Sources */ = {isa = PBXBuildFile; fileRef = B05AF42A29E2F43E00BA15F0 /* ValidationResult.swift */; };
		B05AF42E29E2F56100BA15F0 /* Settings.swift in Sources */ = {isa = PBXBuildFile; fileRef = B05AF42D29E2F56100BA15F0 /* Settings.swift */; };
		B05AF43029E2F5CA00BA15F0 /* Settings+Appearance.swift in Sources */ = {isa = PBXBuildFile; fileRef = B05AF42F29E2F5CA00BA15F0 /* Settings+Appearance.swift */; };
		B05AF43229E2F65C00BA15F0 /* Settings+SignedInPerson.swift in Sources */ = {isa = PBXBuildFile; fileRef = B05AF43129E2F65C00BA15F0 /* Settings+SignedInPerson.swift */; };
		B05AF43429E2F6DF00BA15F0 /* SettingsManager.swift in Sources */ = {isa = PBXBuildFile; fileRef = B05AF43329E2F6DF00BA15F0 /* SettingsManager.swift */; };
		B05AF43629E2FDB700BA15F0 /* SettingsTests.swift in Sources */ = {isa = PBXBuildFile; fileRef = B05AF43529E2FDB700BA15F0 /* SettingsTests.swift */; };
		B0679DDC29EE8BC1005A4109 /* CreateClubView.swift in Sources */ = {isa = PBXBuildFile; fileRef = B0679DDB29EE8BC1005A4109 /* CreateClubView.swift */; };
		B06E9FFB29E1BDCC0034B178 /* CubNewFunction.swift in Sources */ = {isa = PBXBuildFile; fileRef = B06E9FFA29E1BDCC0034B178 /* CubNewFunction.swift */; };
		B06E9FFF29E1D34D0034B178 /* FineEditFunction.swift in Sources */ = {isa = PBXBuildFile; fileRef = B06E9FFE29E1D34D0034B178 /* FineEditFunction.swift */; };
		B06EA00129E1D3AD0034B178 /* EditType.swift in Sources */ = {isa = PBXBuildFile; fileRef = B06EA00029E1D3AD0034B178 /* EditType.swift */; };
		B06EA00329E1DA610034B178 /* FineEditPayedFunction.swift in Sources */ = {isa = PBXBuildFile; fileRef = B06EA00229E1DA610034B178 /* FineEditPayedFunction.swift */; };
		B06EA00529E1DFCE0034B178 /* FineGetFunction.swift in Sources */ = {isa = PBXBuildFile; fileRef = B06EA00429E1DFCD0034B178 /* FineGetFunction.swift */; };
		B06EA00729E1EC7D0034B178 /* IdentifiableList.swift in Sources */ = {isa = PBXBuildFile; fileRef = B06EA00629E1EC7D0034B178 /* IdentifiableList.swift */; };
		B08C850E29F934B70051473E /* PersonAddAndEdit.swift in Sources */ = {isa = PBXBuildFile; fileRef = B08C850D29F934B70051473E /* PersonAddAndEdit.swift */; };
		B08C851029F938F90051473E /* View+toolbar.swift in Sources */ = {isa = PBXBuildFile; fileRef = B08C850F29F938F90051473E /* View+toolbar.swift */; };
		B0C75A0B29EACCC6004650BA /* UIApplication+rootViewController.swift in Sources */ = {isa = PBXBuildFile; fileRef = B0C75A0A29EACCC6004650BA /* UIApplication+rootViewController.swift */; };
		B0C75A0D29EACFF4004650BA /* String+randomNonce.swift in Sources */ = {isa = PBXBuildFile; fileRef = B0C75A0C29EACFF4004650BA /* String+randomNonce.swift */; };
		B0E6A57F29DF1C080095471B /* JSONDecoder+iso8601WithMilliseconds.swift in Sources */ = {isa = PBXBuildFile; fileRef = B0E6A57E29DF1C080095471B /* JSONDecoder+iso8601WithMilliseconds.swift */; };
		B0E6A58129DF1C9B0095471B /* FixedLength.swift in Sources */ = {isa = PBXBuildFile; fileRef = B0E6A58029DF1C9B0095471B /* FixedLength.swift */; };
		B0E6A58329DF22750095471B /* Array+randomBytes.swift in Sources */ = {isa = PBXBuildFile; fileRef = B0E6A58229DF22750095471B /* Array+randomBytes.swift */; };
		B0E6A58629E035C80095471B /* Amount.swift in Sources */ = {isa = PBXBuildFile; fileRef = B0E6A58529E035C80095471B /* Amount.swift */; };
		B0E6A58B29E036F70095471B /* Clamping.swift in Sources */ = {isa = PBXBuildFile; fileRef = B0E6A58A29E036F60095471B /* Clamping.swift */; };
		B0E6A58E29E03B050095471B /* RandomPlaceholder.swift in Sources */ = {isa = PBXBuildFile; fileRef = B0E6A58D29E03B050095471B /* RandomPlaceholder.swift */; };
		B0E6A59229E03CE50095471B /* ClubProperties.swift in Sources */ = {isa = PBXBuildFile; fileRef = B0E6A59129E03CE50095471B /* ClubProperties.swift */; };
		B0E6A59429E03D040095471B /* Tagged.swift in Sources */ = {isa = PBXBuildFile; fileRef = B0E6A59329E03D040095471B /* Tagged.swift */; };
		B0E6A59E29E042420095471B /* FineReason.swift in Sources */ = {isa = PBXBuildFile; fileRef = B0E6A59D29E042420095471B /* FineReason.swift */; };
		B0E6A5A229E042BB0095471B /* PayedState.swift in Sources */ = {isa = PBXBuildFile; fileRef = B0E6A5A129E042BB0095471B /* PayedState.swift */; };
		B0E6A5A629E0447D0095471B /* Fine.swift in Sources */ = {isa = PBXBuildFile; fileRef = B0E6A5A529E0447D0095471B /* Fine.swift */; };
		B0E6A5AA29E046D80095471B /* Person.swift in Sources */ = {isa = PBXBuildFile; fileRef = B0E6A5A929E046D80095471B /* Person.swift */; };
		B0E6A5AE29E049960095471B /* ReasonTemplate.swift in Sources */ = {isa = PBXBuildFile; fileRef = B0E6A5AD29E049960095471B /* ReasonTemplate.swift */; };
		B0E6A5B229E051DC0095471B /* FirebaseFunction.swift in Sources */ = {isa = PBXBuildFile; fileRef = B0E6A5B129E051DC0095471B /* FirebaseFunction.swift */; };
		B0E6A5B429E052630095471B /* FirebaseFunctionParameters.swift in Sources */ = {isa = PBXBuildFile; fileRef = B0E6A5B329E052620095471B /* FirebaseFunctionParameters.swift */; };
		B0E6A5B629E052BA0095471B /* FirebaseFunctionInternalParameterType.swift in Sources */ = {isa = PBXBuildFile; fileRef = B0E6A5B529E052BA0095471B /* FirebaseFunctionInternalParameterType.swift */; };
		B0E6A5B829E0537B0095471B /* FirebaseFunctionParameterType.swift in Sources */ = {isa = PBXBuildFile; fileRef = B0E6A5B729E0537B0095471B /* FirebaseFunctionParameterType.swift */; };
		B0E6A5BB29E0565B0095471B /* FirebaseFunctionParametersBuilder.swift in Sources */ = {isa = PBXBuildFile; fileRef = B0E6A5BA29E0565B0095471B /* FirebaseFunctionParametersBuilder.swift */; };
		B0E6A5BD29E057B30095471B /* FirebaseFunctionParameter.swift in Sources */ = {isa = PBXBuildFile; fileRef = B0E6A5BC29E057B30095471B /* FirebaseFunctionParameter.swift */; };
		B0E6A5BF29E0594E0095471B /* FirebaseFunctionCaller.swift in Sources */ = {isa = PBXBuildFile; fileRef = B0E6A5BE29E0594E0095471B /* FirebaseFunctionCaller.swift */; };
		B0E6A5C129E05E680095471B /* DatabaseType.swift in Sources */ = {isa = PBXBuildFile; fileRef = B0E6A5C029E05E670095471B /* DatabaseType.swift */; };
		B0E6A5C329E05F2A0095471B /* PrivateKeys.swift in Sources */ = {isa = PBXBuildFile; fileRef = B0E6A5C229E05F290095471B /* PrivateKeys.swift */; };
		B0E6A5C529E061CE0095471B /* CallSecret.swift in Sources */ = {isa = PBXBuildFile; fileRef = B0E6A5C429E061CE0095471B /* CallSecret.swift */; };
		B0E6A5C729E067BC0095471B /* FirebaseFunctionResult.swift in Sources */ = {isa = PBXBuildFile; fileRef = B0E6A5C629E067BC0095471B /* FirebaseFunctionResult.swift */; };
		B0E6A5CC29E06C150095471B /* FirebaseConfigurator.swift in Sources */ = {isa = PBXBuildFile; fileRef = B0E6A5CB29E06C150095471B /* FirebaseConfigurator.swift */; };
		B0E6A5CE29E06D410095471B /* FirebaseAuthenticator.swift in Sources */ = {isa = PBXBuildFile; fileRef = B0E6A5CD29E06D410095471B /* FirebaseAuthenticator.swift */; };
		B0E6A5D129E06DEF0095471B /* DeleteAllDataFunction.swift in Sources */ = {isa = PBXBuildFile; fileRef = B0E6A5D029E06DEF0095471B /* DeleteAllDataFunction.swift */; };
		B0E6A5D329E06EC70095471B /* ClubNewTestFunction.swift in Sources */ = {isa = PBXBuildFile; fileRef = B0E6A5D229E06EC70095471B /* ClubNewTestFunction.swift */; };
		B0E6A5D529E06FA00095471B /* FirebaseFunctionsTests.swift in Sources */ = {isa = PBXBuildFile; fileRef = B0E6A5D429E06FA00095471B /* FirebaseFunctionsTests.swift */; };
		B0E6A5D729E070A80095471B /* Utilities.swift in Sources */ = {isa = PBXBuildFile; fileRef = B0E6A5D629E070A80095471B /* Utilities.swift */; };
		B0ED7DFD29E57DD900685778 /* StartPageView.swift in Sources */ = {isa = PBXBuildFile; fileRef = B0ED7DFC29E57DD900685778 /* StartPageView.swift */; };
		B0F598CD29E6B5500056B871 /* InfoPlist.strings in Resources */ = {isa = PBXBuildFile; fileRef = B0F598CB29E6B5500056B871 /* InfoPlist.strings */; };
		B0F598D029E6B5500056B871 /* Localizable.strings in Resources */ = {isa = PBXBuildFile; fileRef = B0F598CE29E6B5500056B871 /* Localizable.strings */; };
		B0F598D529E6CC650056B871 /* TermsAndPrivacyView.swift in Sources */ = {isa = PBXBuildFile; fileRef = B0F598D429E6CC650056B871 /* TermsAndPrivacyView.swift */; };
		B0F598D729E6FEB00056B871 /* InvitationLinkAndCreateClubView.swift in Sources */ = {isa = PBXBuildFile; fileRef = B0F598D629E6FEB00056B871 /* InvitationLinkAndCreateClubView.swift */; };
		B0F598D929E976810056B871 /* FirebaseFunctionError.swift in Sources */ = {isa = PBXBuildFile; fileRef = B0F598D829E976810056B871 /* FirebaseFunctionError.swift */; };
		B0F598DB29EA9FEF0056B871 /* InvitationLinkWelcomePersonView.swift in Sources */ = {isa = PBXBuildFile; fileRef = B0F598DA29EA9FEF0056B871 /* InvitationLinkWelcomePersonView.swift */; };
		B0F598DD29EABD620056B871 /* LoginView.swift in Sources */ = {isa = PBXBuildFile; fileRef = B0F598DC29EABD620056B871 /* LoginView.swift */; };
		B0F598E029EAC2660056B871 /* GoogleSignIn in Frameworks */ = {isa = PBXBuildFile; productRef = B0F598DF29EAC2660056B871 /* GoogleSignIn */; };
		B0F598E229EAC2660056B871 /* GoogleSignInSwift in Frameworks */ = {isa = PBXBuildFile; productRef = B0F598E129EAC2660056B871 /* GoogleSignInSwift */; };
		B0F5FAA729E55299008C0380 /* InvitationLinkCreateIdFunction.swift in Sources */ = {isa = PBXBuildFile; fileRef = B0F5FAA629E55299008C0380 /* InvitationLinkCreateIdFunction.swift */; };
		B0F5FAA929E55334008C0380 /* InvitationLinkWithdrawFunction.swift in Sources */ = {isa = PBXBuildFile; fileRef = B0F5FAA829E55334008C0380 /* InvitationLinkWithdrawFunction.swift */; };
		B0F5FAAB29E5535B008C0380 /* InvitationLinkGetPersonFunction.swift in Sources */ = {isa = PBXBuildFile; fileRef = B0F5FAAA29E5535B008C0380 /* InvitationLinkGetPersonFunction.swift */; };
/* End PBXBuildFile section */

/* Begin PBXContainerItemProxy section */
		B03563CD29DEE21B000BB7AD /* PBXContainerItemProxy */ = {
			isa = PBXContainerItemProxy;
			containerPortal = B03563B429DEE215000BB7AD /* Project object */;
			proxyType = 1;
			remoteGlobalIDString = B03563BB29DEE215000BB7AD;
			remoteInfo = StrafenProject;
		};
		B03563D729DEE21B000BB7AD /* PBXContainerItemProxy */ = {
			isa = PBXContainerItemProxy;
			containerPortal = B03563B429DEE215000BB7AD /* Project object */;
			proxyType = 1;
			remoteGlobalIDString = B03563BB29DEE215000BB7AD;
			remoteInfo = StrafenProject;
		};
/* End PBXContainerItemProxy section */

/* Begin PBXFileReference section */
		B00899FA29EFD8830062054E /* Text+describing.swift */ = {isa = PBXFileReference; lastKnownFileType = sourcecode.swift; path = "Text+describing.swift"; sourceTree = "<group>"; };
		B00899FD29F002AA0062054E /* BottomBar.swift */ = {isa = PBXFileReference; lastKnownFileType = sourcecode.swift; path = BottomBar.swift; sourceTree = "<group>"; };
		B00899FF29F1C6360062054E /* AppProperties.swift */ = {isa = PBXFileReference; lastKnownFileType = sourcecode.swift; path = AppProperties.swift; sourceTree = "<group>"; };
		B0089A0229F27BDB0062054E /* PersonList.swift */ = {isa = PBXFileReference; lastKnownFileType = sourcecode.swift; path = PersonList.swift; sourceTree = "<group>"; };
		B0089A0529F2AB010062054E /* FirebaseStorageImageType.swift */ = {isa = PBXFileReference; lastKnownFileType = sourcecode.swift; path = FirebaseStorageImageType.swift; sourceTree = "<group>"; };
		B0089A0729F2AC910062054E /* FirebaseImageStorage.swift */ = {isa = PBXFileReference; lastKnownFileType = sourcecode.swift; path = FirebaseImageStorage.swift; sourceTree = "<group>"; };
		B0089A0929F2AD670062054E /* FirebaseStorageCache.swift */ = {isa = PBXFileReference; lastKnownFileType = sourcecode.swift; path = FirebaseStorageCache.swift; sourceTree = "<group>"; };
		B0089A0B29F2C32B0062054E /* View+if.swift */ = {isa = PBXFileReference; lastKnownFileType = sourcecode.swift; path = "View+if.swift"; sourceTree = "<group>"; };
		B03563BC29DEE215000BB7AD /* StrafenProject.app */ = {isa = PBXFileReference; explicitFileType = wrapper.application; includeInIndex = 0; path = StrafenProject.app; sourceTree = BUILT_PRODUCTS_DIR; };
		B03563BF29DEE215000BB7AD /* StrafenProjectApp.swift */ = {isa = PBXFileReference; lastKnownFileType = sourcecode.swift; path = StrafenProjectApp.swift; sourceTree = "<group>"; };
		B03563C129DEE215000BB7AD /* ContentView.swift */ = {isa = PBXFileReference; lastKnownFileType = sourcecode.swift; path = ContentView.swift; sourceTree = "<group>"; };
		B03563C329DEE21A000BB7AD /* Assets.xcassets */ = {isa = PBXFileReference; lastKnownFileType = folder.assetcatalog; path = Assets.xcassets; sourceTree = "<group>"; };
		B03563C629DEE21A000BB7AD /* Preview Assets.xcassets */ = {isa = PBXFileReference; lastKnownFileType = folder.assetcatalog; path = "Preview Assets.xcassets"; sourceTree = "<group>"; };
		B03563CC29DEE21B000BB7AD /* StrafenProjectTests.xctest */ = {isa = PBXFileReference; explicitFileType = wrapper.cfbundle; includeInIndex = 0; path = StrafenProjectTests.xctest; sourceTree = BUILT_PRODUCTS_DIR; };
		B03563D629DEE21B000BB7AD /* StrafenProjectUITests.xctest */ = {isa = PBXFileReference; explicitFileType = wrapper.cfbundle; includeInIndex = 0; path = StrafenProjectUITests.xctest; sourceTree = BUILT_PRODUCTS_DIR; };
		B03563DA29DEE21B000BB7AD /* StrafenProjectUITests.swift */ = {isa = PBXFileReference; lastKnownFileType = sourcecode.swift; path = StrafenProjectUITests.swift; sourceTree = "<group>"; };
		B03563DC29DEE21B000BB7AD /* StrafenProjectUITestsLaunchTests.swift */ = {isa = PBXFileReference; lastKnownFileType = sourcecode.swift; path = StrafenProjectUITestsLaunchTests.swift; sourceTree = "<group>"; };
		B03563E929DEE9E2000BB7AD /* GoogleService-Info.plist */ = {isa = PBXFileReference; fileEncoding = 4; lastKnownFileType = text.plist.xml; path = "GoogleService-Info.plist"; sourceTree = "<group>"; };
		B035641329DEF2A5000BB7AD /* Bit.swift */ = {isa = PBXFileReference; lastKnownFileType = sourcecode.swift; path = Bit.swift; sourceTree = "<group>"; };
		B035641529DEF45A000BB7AD /* DataToBitIterator.swift */ = {isa = PBXFileReference; lastKnownFileType = sourcecode.swift; path = DataToBitIterator.swift; sourceTree = "<group>"; };
		B035641729DEF71F000BB7AD /* CombineIterator.swift */ = {isa = PBXFileReference; lastKnownFileType = sourcecode.swift; path = CombineIterator.swift; sourceTree = "<group>"; };
		B035641929DEF82C000BB7AD /* PseudoRandom.swift */ = {isa = PBXFileReference; lastKnownFileType = sourcecode.swift; path = PseudoRandom.swift; sourceTree = "<group>"; };
		B035641B29DEF912000BB7AD /* RandomBitIterator.swift */ = {isa = PBXFileReference; lastKnownFileType = sourcecode.swift; path = RandomBitIterator.swift; sourceTree = "<group>"; };
		B035641F29DEFABE000BB7AD /* Crypter.swift */ = {isa = PBXFileReference; lastKnownFileType = sourcecode.swift; path = Crypter.swift; sourceTree = "<group>"; };
		B035642429DEFCE3000BB7AD /* Data+Unishort.swift */ = {isa = PBXFileReference; lastKnownFileType = sourcecode.swift; path = "Data+Unishort.swift"; sourceTree = "<group>"; };
		B035642629DF078A000BB7AD /* CrypterTests.swift */ = {isa = PBXFileReference; lastKnownFileType = sourcecode.swift; path = CrypterTests.swift; sourceTree = "<group>"; };
		B05AF41A29E2ADB000BA15F0 /* PersonEditFunction.swift */ = {isa = PBXFileReference; lastKnownFileType = sourcecode.swift; path = PersonEditFunction.swift; sourceTree = "<group>"; };
		B05AF41C29E2B1C500BA15F0 /* PersonGetCurrentFunction.swift */ = {isa = PBXFileReference; lastKnownFileType = sourcecode.swift; path = PersonGetCurrentFunction.swift; sourceTree = "<group>"; };
		B05AF41E29E2B94300BA15F0 /* PersonGetFunction.swift */ = {isa = PBXFileReference; lastKnownFileType = sourcecode.swift; path = PersonGetFunction.swift; sourceTree = "<group>"; };
		B05AF42029E2BB5500BA15F0 /* PersonRegisterFunction.swift */ = {isa = PBXFileReference; lastKnownFileType = sourcecode.swift; path = PersonRegisterFunction.swift; sourceTree = "<group>"; };
		B05AF42229E2E3B300BA15F0 /* ReasonTemplateEditFunction.swift */ = {isa = PBXFileReference; lastKnownFileType = sourcecode.swift; path = ReasonTemplateEditFunction.swift; sourceTree = "<group>"; };
		B05AF42429E2E6D300BA15F0 /* ReasonTemplateGetFunction.swift */ = {isa = PBXFileReference; lastKnownFileType = sourcecode.swift; path = ReasonTemplateGetFunction.swift; sourceTree = "<group>"; };
		B05AF42629E2F2A700BA15F0 /* ConnectionState.swift */ = {isa = PBXFileReference; lastKnownFileType = sourcecode.swift; path = ConnectionState.swift; sourceTree = "<group>"; };
		B05AF42829E2F2E400BA15F0 /* OperationResult.swift */ = {isa = PBXFileReference; lastKnownFileType = sourcecode.swift; path = OperationResult.swift; sourceTree = "<group>"; };
		B05AF42A29E2F43E00BA15F0 /* ValidationResult.swift */ = {isa = PBXFileReference; lastKnownFileType = sourcecode.swift; path = ValidationResult.swift; sourceTree = "<group>"; };
		B05AF42D29E2F56100BA15F0 /* Settings.swift */ = {isa = PBXFileReference; lastKnownFileType = sourcecode.swift; path = Settings.swift; sourceTree = "<group>"; };
		B05AF42F29E2F5CA00BA15F0 /* Settings+Appearance.swift */ = {isa = PBXFileReference; lastKnownFileType = sourcecode.swift; path = "Settings+Appearance.swift"; sourceTree = "<group>"; };
		B05AF43129E2F65C00BA15F0 /* Settings+SignedInPerson.swift */ = {isa = PBXFileReference; lastKnownFileType = sourcecode.swift; path = "Settings+SignedInPerson.swift"; sourceTree = "<group>"; };
		B05AF43329E2F6DF00BA15F0 /* SettingsManager.swift */ = {isa = PBXFileReference; lastKnownFileType = sourcecode.swift; path = SettingsManager.swift; sourceTree = "<group>"; };
		B05AF43529E2FDB700BA15F0 /* SettingsTests.swift */ = {isa = PBXFileReference; lastKnownFileType = sourcecode.swift; path = SettingsTests.swift; sourceTree = "<group>"; };
		B05AF43729E2FDF500BA15F0 /* Info.plist */ = {isa = PBXFileReference; lastKnownFileType = text.plist; path = Info.plist; sourceTree = "<group>"; };
		B05AF43829E2FE2400BA15F0 /* StrafenProject.entitlements */ = {isa = PBXFileReference; lastKnownFileType = text.plist.entitlements; path = StrafenProject.entitlements; sourceTree = "<group>"; };
		B0679DDB29EE8BC1005A4109 /* CreateClubView.swift */ = {isa = PBXFileReference; lastKnownFileType = sourcecode.swift; path = CreateClubView.swift; sourceTree = "<group>"; };
		B06E9FFA29E1BDCC0034B178 /* CubNewFunction.swift */ = {isa = PBXFileReference; lastKnownFileType = sourcecode.swift; path = CubNewFunction.swift; sourceTree = "<group>"; };
		B06E9FFE29E1D34D0034B178 /* FineEditFunction.swift */ = {isa = PBXFileReference; lastKnownFileType = sourcecode.swift; path = FineEditFunction.swift; sourceTree = "<group>"; };
		B06EA00029E1D3AD0034B178 /* EditType.swift */ = {isa = PBXFileReference; lastKnownFileType = sourcecode.swift; path = EditType.swift; sourceTree = "<group>"; };
		B06EA00229E1DA610034B178 /* FineEditPayedFunction.swift */ = {isa = PBXFileReference; lastKnownFileType = sourcecode.swift; path = FineEditPayedFunction.swift; sourceTree = "<group>"; };
		B06EA00429E1DFCD0034B178 /* FineGetFunction.swift */ = {isa = PBXFileReference; lastKnownFileType = sourcecode.swift; path = FineGetFunction.swift; sourceTree = "<group>"; };
		B06EA00629E1EC7D0034B178 /* IdentifiableList.swift */ = {isa = PBXFileReference; lastKnownFileType = sourcecode.swift; path = IdentifiableList.swift; sourceTree = "<group>"; };
		B08C850D29F934B70051473E /* PersonAddAndEdit.swift */ = {isa = PBXFileReference; lastKnownFileType = sourcecode.swift; path = PersonAddAndEdit.swift; sourceTree = "<group>"; };
		B08C850F29F938F90051473E /* View+toolbar.swift */ = {isa = PBXFileReference; lastKnownFileType = sourcecode.swift; path = "View+toolbar.swift"; sourceTree = "<group>"; };
		B0C75A0A29EACCC6004650BA /* UIApplication+rootViewController.swift */ = {isa = PBXFileReference; lastKnownFileType = sourcecode.swift; path = "UIApplication+rootViewController.swift"; sourceTree = "<group>"; };
		B0C75A0C29EACFF4004650BA /* String+randomNonce.swift */ = {isa = PBXFileReference; lastKnownFileType = sourcecode.swift; path = "String+randomNonce.swift"; sourceTree = "<group>"; };
		B0E6A57E29DF1C080095471B /* JSONDecoder+iso8601WithMilliseconds.swift */ = {isa = PBXFileReference; lastKnownFileType = sourcecode.swift; path = "JSONDecoder+iso8601WithMilliseconds.swift"; sourceTree = "<group>"; };
		B0E6A58029DF1C9B0095471B /* FixedLength.swift */ = {isa = PBXFileReference; lastKnownFileType = sourcecode.swift; path = FixedLength.swift; sourceTree = "<group>"; };
		B0E6A58229DF22750095471B /* Array+randomBytes.swift */ = {isa = PBXFileReference; lastKnownFileType = sourcecode.swift; path = "Array+randomBytes.swift"; sourceTree = "<group>"; };
		B0E6A58529E035C80095471B /* Amount.swift */ = {isa = PBXFileReference; lastKnownFileType = sourcecode.swift; path = Amount.swift; sourceTree = "<group>"; };
		B0E6A58A29E036F60095471B /* Clamping.swift */ = {isa = PBXFileReference; lastKnownFileType = sourcecode.swift; path = Clamping.swift; sourceTree = "<group>"; };
		B0E6A58D29E03B050095471B /* RandomPlaceholder.swift */ = {isa = PBXFileReference; lastKnownFileType = sourcecode.swift; path = RandomPlaceholder.swift; sourceTree = "<group>"; };
		B0E6A59129E03CE50095471B /* ClubProperties.swift */ = {isa = PBXFileReference; lastKnownFileType = sourcecode.swift; path = ClubProperties.swift; sourceTree = "<group>"; };
		B0E6A59329E03D040095471B /* Tagged.swift */ = {isa = PBXFileReference; lastKnownFileType = sourcecode.swift; path = Tagged.swift; sourceTree = "<group>"; };
		B0E6A59D29E042420095471B /* FineReason.swift */ = {isa = PBXFileReference; lastKnownFileType = sourcecode.swift; path = FineReason.swift; sourceTree = "<group>"; };
		B0E6A5A129E042BB0095471B /* PayedState.swift */ = {isa = PBXFileReference; lastKnownFileType = sourcecode.swift; path = PayedState.swift; sourceTree = "<group>"; };
		B0E6A5A529E0447D0095471B /* Fine.swift */ = {isa = PBXFileReference; lastKnownFileType = sourcecode.swift; path = Fine.swift; sourceTree = "<group>"; };
		B0E6A5A929E046D80095471B /* Person.swift */ = {isa = PBXFileReference; lastKnownFileType = sourcecode.swift; path = Person.swift; sourceTree = "<group>"; };
		B0E6A5AD29E049960095471B /* ReasonTemplate.swift */ = {isa = PBXFileReference; lastKnownFileType = sourcecode.swift; path = ReasonTemplate.swift; sourceTree = "<group>"; };
		B0E6A5B129E051DC0095471B /* FirebaseFunction.swift */ = {isa = PBXFileReference; lastKnownFileType = sourcecode.swift; path = FirebaseFunction.swift; sourceTree = "<group>"; };
		B0E6A5B329E052620095471B /* FirebaseFunctionParameters.swift */ = {isa = PBXFileReference; lastKnownFileType = sourcecode.swift; path = FirebaseFunctionParameters.swift; sourceTree = "<group>"; };
		B0E6A5B529E052BA0095471B /* FirebaseFunctionInternalParameterType.swift */ = {isa = PBXFileReference; lastKnownFileType = sourcecode.swift; path = FirebaseFunctionInternalParameterType.swift; sourceTree = "<group>"; };
		B0E6A5B729E0537B0095471B /* FirebaseFunctionParameterType.swift */ = {isa = PBXFileReference; lastKnownFileType = sourcecode.swift; path = FirebaseFunctionParameterType.swift; sourceTree = "<group>"; };
		B0E6A5BA29E0565B0095471B /* FirebaseFunctionParametersBuilder.swift */ = {isa = PBXFileReference; lastKnownFileType = sourcecode.swift; path = FirebaseFunctionParametersBuilder.swift; sourceTree = "<group>"; };
		B0E6A5BC29E057B30095471B /* FirebaseFunctionParameter.swift */ = {isa = PBXFileReference; lastKnownFileType = sourcecode.swift; path = FirebaseFunctionParameter.swift; sourceTree = "<group>"; };
		B0E6A5BE29E0594E0095471B /* FirebaseFunctionCaller.swift */ = {isa = PBXFileReference; lastKnownFileType = sourcecode.swift; path = FirebaseFunctionCaller.swift; sourceTree = "<group>"; };
		B0E6A5C029E05E670095471B /* DatabaseType.swift */ = {isa = PBXFileReference; lastKnownFileType = sourcecode.swift; path = DatabaseType.swift; sourceTree = "<group>"; };
		B0E6A5C229E05F290095471B /* PrivateKeys.swift */ = {isa = PBXFileReference; lastKnownFileType = sourcecode.swift; path = PrivateKeys.swift; sourceTree = "<group>"; };
		B0E6A5C429E061CE0095471B /* CallSecret.swift */ = {isa = PBXFileReference; lastKnownFileType = sourcecode.swift; path = CallSecret.swift; sourceTree = "<group>"; };
		B0E6A5C629E067BC0095471B /* FirebaseFunctionResult.swift */ = {isa = PBXFileReference; lastKnownFileType = sourcecode.swift; path = FirebaseFunctionResult.swift; sourceTree = "<group>"; };
		B0E6A5CB29E06C150095471B /* FirebaseConfigurator.swift */ = {isa = PBXFileReference; lastKnownFileType = sourcecode.swift; path = FirebaseConfigurator.swift; sourceTree = "<group>"; };
		B0E6A5CD29E06D410095471B /* FirebaseAuthenticator.swift */ = {isa = PBXFileReference; lastKnownFileType = sourcecode.swift; path = FirebaseAuthenticator.swift; sourceTree = "<group>"; };
		B0E6A5D029E06DEF0095471B /* DeleteAllDataFunction.swift */ = {isa = PBXFileReference; lastKnownFileType = sourcecode.swift; path = DeleteAllDataFunction.swift; sourceTree = "<group>"; };
		B0E6A5D229E06EC70095471B /* ClubNewTestFunction.swift */ = {isa = PBXFileReference; lastKnownFileType = sourcecode.swift; path = ClubNewTestFunction.swift; sourceTree = "<group>"; };
		B0E6A5D429E06FA00095471B /* FirebaseFunctionsTests.swift */ = {isa = PBXFileReference; lastKnownFileType = sourcecode.swift; path = FirebaseFunctionsTests.swift; sourceTree = "<group>"; };
		B0E6A5D629E070A80095471B /* Utilities.swift */ = {isa = PBXFileReference; lastKnownFileType = sourcecode.swift; path = Utilities.swift; sourceTree = "<group>"; };
		B0ED7DFC29E57DD900685778 /* StartPageView.swift */ = {isa = PBXFileReference; lastKnownFileType = sourcecode.swift; path = StartPageView.swift; sourceTree = "<group>"; };
		B0F598CC29E6B5500056B871 /* de */ = {isa = PBXFileReference; lastKnownFileType = text.plist.strings; name = de; path = de.lproj/InfoPlist.strings; sourceTree = "<group>"; };
		B0F598CF29E6B5500056B871 /* de */ = {isa = PBXFileReference; lastKnownFileType = text.plist.strings; name = de; path = de.lproj/Localizable.strings; sourceTree = "<group>"; };
		B0F598D129E6B55A0056B871 /* en */ = {isa = PBXFileReference; lastKnownFileType = text.plist.strings; name = en; path = en.lproj/InfoPlist.strings; sourceTree = "<group>"; };
		B0F598D329E6B5DD0056B871 /* en */ = {isa = PBXFileReference; lastKnownFileType = text.plist.strings; name = en; path = en.lproj/Localizable.strings; sourceTree = "<group>"; };
		B0F598D429E6CC650056B871 /* TermsAndPrivacyView.swift */ = {isa = PBXFileReference; lastKnownFileType = sourcecode.swift; path = TermsAndPrivacyView.swift; sourceTree = "<group>"; };
		B0F598D629E6FEB00056B871 /* InvitationLinkAndCreateClubView.swift */ = {isa = PBXFileReference; lastKnownFileType = sourcecode.swift; path = InvitationLinkAndCreateClubView.swift; sourceTree = "<group>"; };
		B0F598D829E976810056B871 /* FirebaseFunctionError.swift */ = {isa = PBXFileReference; lastKnownFileType = sourcecode.swift; path = FirebaseFunctionError.swift; sourceTree = "<group>"; };
		B0F598DA29EA9FEF0056B871 /* InvitationLinkWelcomePersonView.swift */ = {isa = PBXFileReference; lastKnownFileType = sourcecode.swift; path = InvitationLinkWelcomePersonView.swift; sourceTree = "<group>"; };
		B0F598DC29EABD620056B871 /* LoginView.swift */ = {isa = PBXFileReference; lastKnownFileType = sourcecode.swift; path = LoginView.swift; sourceTree = "<group>"; };
		B0F5FAA629E55299008C0380 /* InvitationLinkCreateIdFunction.swift */ = {isa = PBXFileReference; lastKnownFileType = sourcecode.swift; path = InvitationLinkCreateIdFunction.swift; sourceTree = "<group>"; };
		B0F5FAA829E55334008C0380 /* InvitationLinkWithdrawFunction.swift */ = {isa = PBXFileReference; lastKnownFileType = sourcecode.swift; path = InvitationLinkWithdrawFunction.swift; sourceTree = "<group>"; };
		B0F5FAAA29E5535B008C0380 /* InvitationLinkGetPersonFunction.swift */ = {isa = PBXFileReference; lastKnownFileType = sourcecode.swift; path = InvitationLinkGetPersonFunction.swift; sourceTree = "<group>"; };
/* End PBXFileReference section */

/* Begin PBXFrameworksBuildPhase section */
		B03563B929DEE215000BB7AD /* Frameworks */ = {
			isa = PBXFrameworksBuildPhase;
			buildActionMask = 2147483647;
			files = (
				B03563F129DEEDC5000BB7AD /* FirebaseAnalyticsSwift in Frameworks */,
				B03563F729DEEDC6000BB7AD /* FirebaseAuthCombine-Community in Frameworks */,
				B03563F529DEEDC6000BB7AD /* FirebaseAuth in Frameworks */,
				B03563FF29DEEDC6000BB7AD /* FirebaseFirestore in Frameworks */,
				B03563FD29DEEDC6000BB7AD /* FirebaseDatabaseSwift in Frameworks */,
				B0F598E029EAC2660056B871 /* GoogleSignIn in Frameworks */,
				B035641129DEEDC6000BB7AD /* FirebaseStorageCombine-Community in Frameworks */,
				B035640129DEEDC6000BB7AD /* FirebaseFirestoreCombine-Community in Frameworks */,
				B03563F929DEEDC6000BB7AD /* FirebaseCrashlytics in Frameworks */,
				B0F598E229EAC2660056B871 /* GoogleSignInSwift in Frameworks */,
				B035640729DEEDC6000BB7AD /* FirebaseFunctionsCombine-Community in Frameworks */,
				B035640D29DEEDC6000BB7AD /* FirebasePerformance in Frameworks */,
				B03563ED29DEEDC5000BB7AD /* FirebaseAnalytics in Frameworks */,
				B035640F29DEEDC6000BB7AD /* FirebaseStorage in Frameworks */,
				B035642329DEFB5F000BB7AD /* CryptoSwift in Frameworks */,
				B035640929DEEDC6000BB7AD /* FirebaseInstallations in Frameworks */,
				B03563EF29DEEDC5000BB7AD /* FirebaseAnalyticsOnDeviceConversion in Frameworks */,
				B035640529DEEDC6000BB7AD /* FirebaseFunctions in Frameworks */,
				B03563FB29DEEDC6000BB7AD /* FirebaseDatabase in Frameworks */,
				B03563F329DEEDC5000BB7AD /* FirebaseAnalyticsWithoutAdIdSupport in Frameworks */,
				B035640329DEEDC6000BB7AD /* FirebaseFirestoreSwift in Frameworks */,
			);
			runOnlyForDeploymentPostprocessing = 0;
		};
		B03563C929DEE21B000BB7AD /* Frameworks */ = {
			isa = PBXFrameworksBuildPhase;
			buildActionMask = 2147483647;
			files = (
			);
			runOnlyForDeploymentPostprocessing = 0;
		};
		B03563D329DEE21B000BB7AD /* Frameworks */ = {
			isa = PBXFrameworksBuildPhase;
			buildActionMask = 2147483647;
			files = (
			);
			runOnlyForDeploymentPostprocessing = 0;
		};
/* End PBXFrameworksBuildPhase section */

/* Begin PBXGroup section */
		B00899FC29F002810062054E /* Views */ = {
			isa = PBXGroup;
			children = (
				B00899FD29F002AA0062054E /* BottomBar.swift */,
			);
			path = Views;
			sourceTree = "<group>";
		};
		B0089A0129F27BCC0062054E /* PersonList */ = {
			isa = PBXGroup;
			children = (
				B0089A0229F27BDB0062054E /* PersonList.swift */,
				B08C850D29F934B70051473E /* PersonAddAndEdit.swift */,
			);
			path = PersonList;
			sourceTree = "<group>";
		};
		B0089A0429F2AAEC0062054E /* FirebaseStorage */ = {
			isa = PBXGroup;
			children = (
				B0089A0529F2AB010062054E /* FirebaseStorageImageType.swift */,
				B0089A0729F2AC910062054E /* FirebaseImageStorage.swift */,
				B0089A0929F2AD670062054E /* FirebaseStorageCache.swift */,
			);
			path = FirebaseStorage;
			sourceTree = "<group>";
		};
		B03563B329DEE215000BB7AD = {
			isa = PBXGroup;
			children = (
				B03563BE29DEE215000BB7AD /* StrafenProject */,
				B03563CF29DEE21B000BB7AD /* StrafenProjectTests */,
				B03563D929DEE21B000BB7AD /* StrafenProjectUITests */,
				B03563BD29DEE215000BB7AD /* Products */,
				B035642829DF0892000BB7AD /* Frameworks */,
			);
			sourceTree = "<group>";
		};
		B03563BD29DEE215000BB7AD /* Products */ = {
			isa = PBXGroup;
			children = (
				B03563BC29DEE215000BB7AD /* StrafenProject.app */,
				B03563CC29DEE21B000BB7AD /* StrafenProjectTests.xctest */,
				B03563D629DEE21B000BB7AD /* StrafenProjectUITests.xctest */,
			);
			name = Products;
			sourceTree = "<group>";
		};
		B03563BE29DEE215000BB7AD /* StrafenProject */ = {
			isa = PBXGroup;
			children = (
				B05AF43829E2FE2400BA15F0 /* StrafenProject.entitlements */,
				B05AF43729E2FDF500BA15F0 /* Info.plist */,
				B0F598CE29E6B5500056B871 /* Localizable.strings */,
				B0F598CB29E6B5500056B871 /* InfoPlist.strings */,
				B03563C529DEE21A000BB7AD /* Preview Content */,
				B03563E929DEE9E2000BB7AD /* GoogleService-Info.plist */,
				B03563C329DEE21A000BB7AD /* Assets.xcassets */,
				B03563BF29DEE215000BB7AD /* StrafenProjectApp.swift */,
				B03563C129DEE215000BB7AD /* ContentView.swift */,
				B0ED7DFA29E57D7F00685778 /* HomeViews */,
				B00899FC29F002810062054E /* Views */,
				B035641229DEF25F000BB7AD /* Crypter */,
				B0E6A5AF29E051730095471B /* FirebaseInterface */,
				B0E6A58429E035AC0095471B /* Types */,
				B05AF42C29E2F51200BA15F0 /* Settings */,
				B0E6A58C29E03AE60095471B /* Utilities */,
			);
			path = StrafenProject;
			sourceTree = "<group>";
		};
		B03563C529DEE21A000BB7AD /* Preview Content */ = {
			isa = PBXGroup;
			children = (
				B03563C629DEE21A000BB7AD /* Preview Assets.xcassets */,
			);
			path = "Preview Content";
			sourceTree = "<group>";
		};
		B03563CF29DEE21B000BB7AD /* StrafenProjectTests */ = {
			isa = PBXGroup;
			children = (
				B0E6A5CF29E06DCF0095471B /* FirebaseInterfaceTests */,
				B035642629DF078A000BB7AD /* CrypterTests.swift */,
				B0E6A5D629E070A80095471B /* Utilities.swift */,
				B05AF43529E2FDB700BA15F0 /* SettingsTests.swift */,
			);
			path = StrafenProjectTests;
			sourceTree = "<group>";
		};
		B03563D929DEE21B000BB7AD /* StrafenProjectUITests */ = {
			isa = PBXGroup;
			children = (
				B03563DA29DEE21B000BB7AD /* StrafenProjectUITests.swift */,
				B03563DC29DEE21B000BB7AD /* StrafenProjectUITestsLaunchTests.swift */,
			);
			path = StrafenProjectUITests;
			sourceTree = "<group>";
		};
		B035641229DEF25F000BB7AD /* Crypter */ = {
			isa = PBXGroup;
			children = (
				B035641329DEF2A5000BB7AD /* Bit.swift */,
				B035641529DEF45A000BB7AD /* DataToBitIterator.swift */,
				B035641729DEF71F000BB7AD /* CombineIterator.swift */,
				B035641929DEF82C000BB7AD /* PseudoRandom.swift */,
				B035641B29DEF912000BB7AD /* RandomBitIterator.swift */,
				B035641F29DEFABE000BB7AD /* Crypter.swift */,
				B035642429DEFCE3000BB7AD /* Data+Unishort.swift */,
				B0E6A57E29DF1C080095471B /* JSONDecoder+iso8601WithMilliseconds.swift */,
				B0E6A58029DF1C9B0095471B /* FixedLength.swift */,
				B0E6A58229DF22750095471B /* Array+randomBytes.swift */,
			);
			path = Crypter;
			sourceTree = "<group>";
		};
		B035642829DF0892000BB7AD /* Frameworks */ = {
			isa = PBXGroup;
			children = (
			);
			name = Frameworks;
			sourceTree = "<group>";
		};
		B05AF42C29E2F51200BA15F0 /* Settings */ = {
			isa = PBXGroup;
			children = (
				B05AF42D29E2F56100BA15F0 /* Settings.swift */,
				B05AF42F29E2F5CA00BA15F0 /* Settings+Appearance.swift */,
				B05AF43129E2F65C00BA15F0 /* Settings+SignedInPerson.swift */,
				B05AF43329E2F6DF00BA15F0 /* SettingsManager.swift */,
			);
			path = Settings;
			sourceTree = "<group>";
		};
		B0E6A58429E035AC0095471B /* Types */ = {
			isa = PBXGroup;
			children = (
				B0E6A58529E035C80095471B /* Amount.swift */,
				B0E6A59129E03CE50095471B /* ClubProperties.swift */,
				B0E6A59D29E042420095471B /* FineReason.swift */,
				B0E6A5A129E042BB0095471B /* PayedState.swift */,
				B0E6A5A529E0447D0095471B /* Fine.swift */,
				B0E6A5A929E046D80095471B /* Person.swift */,
				B0E6A5AD29E049960095471B /* ReasonTemplate.swift */,
			);
			path = Types;
			sourceTree = "<group>";
		};
		B0E6A58C29E03AE60095471B /* Utilities */ = {
			isa = PBXGroup;
			children = (
				B0E6A58A29E036F60095471B /* Clamping.swift */,
				B0E6A58D29E03B050095471B /* RandomPlaceholder.swift */,
				B06EA00629E1EC7D0034B178 /* IdentifiableList.swift */,
				B0E6A59329E03D040095471B /* Tagged.swift */,
				B05AF42629E2F2A700BA15F0 /* ConnectionState.swift */,
				B05AF42829E2F2E400BA15F0 /* OperationResult.swift */,
				B05AF42A29E2F43E00BA15F0 /* ValidationResult.swift */,
				B0C75A0A29EACCC6004650BA /* UIApplication+rootViewController.swift */,
				B0C75A0C29EACFF4004650BA /* String+randomNonce.swift */,
				B00899FA29EFD8830062054E /* Text+describing.swift */,
				B00899FF29F1C6360062054E /* AppProperties.swift */,
				B0089A0B29F2C32B0062054E /* View+if.swift */,
				B08C850F29F938F90051473E /* View+toolbar.swift */,
			);
			path = Utilities;
			sourceTree = "<group>";
		};
		B0E6A5AF29E051730095471B /* FirebaseInterface */ = {
			isa = PBXGroup;
			children = (
				B0089A0429F2AAEC0062054E /* FirebaseStorage */,
				B0E6A5B029E051C50095471B /* FirebaseFunctions */,
				B0E6A5C029E05E670095471B /* DatabaseType.swift */,
				B0E6A5C229E05F290095471B /* PrivateKeys.swift */,
				B0E6A5CB29E06C150095471B /* FirebaseConfigurator.swift */,
				B0E6A5CD29E06D410095471B /* FirebaseAuthenticator.swift */,
			);
			path = FirebaseInterface;
			sourceTree = "<group>";
		};
		B0E6A5B029E051C50095471B /* FirebaseFunctions */ = {
			isa = PBXGroup;
			children = (
				B0E6A5C829E06B240095471B /* Functions */,
				B0E6A5B929E053960095471B /* Parameters */,
				B0E6A5B129E051DC0095471B /* FirebaseFunction.swift */,
				B0E6A5BE29E0594E0095471B /* FirebaseFunctionCaller.swift */,
				B0E6A5C429E061CE0095471B /* CallSecret.swift */,
				B0E6A5C629E067BC0095471B /* FirebaseFunctionResult.swift */,
				B06EA00029E1D3AD0034B178 /* EditType.swift */,
				B0F598D829E976810056B871 /* FirebaseFunctionError.swift */,
			);
			path = FirebaseFunctions;
			sourceTree = "<group>";
		};
		B0E6A5B929E053960095471B /* Parameters */ = {
			isa = PBXGroup;
			children = (
				B0E6A5B329E052620095471B /* FirebaseFunctionParameters.swift */,
				B0E6A5B729E0537B0095471B /* FirebaseFunctionParameterType.swift */,
				B0E6A5B529E052BA0095471B /* FirebaseFunctionInternalParameterType.swift */,
				B0E6A5BA29E0565B0095471B /* FirebaseFunctionParametersBuilder.swift */,
				B0E6A5BC29E057B30095471B /* FirebaseFunctionParameter.swift */,
			);
			path = Parameters;
			sourceTree = "<group>";
		};
		B0E6A5C829E06B240095471B /* Functions */ = {
			isa = PBXGroup;
			children = (
				B06E9FFA29E1BDCC0034B178 /* CubNewFunction.swift */,
				B06E9FFE29E1D34D0034B178 /* FineEditFunction.swift */,
				B06EA00229E1DA610034B178 /* FineEditPayedFunction.swift */,
				B06EA00429E1DFCD0034B178 /* FineGetFunction.swift */,
				B05AF41A29E2ADB000BA15F0 /* PersonEditFunction.swift */,
				B05AF41C29E2B1C500BA15F0 /* PersonGetCurrentFunction.swift */,
				B05AF41E29E2B94300BA15F0 /* PersonGetFunction.swift */,
				B05AF42029E2BB5500BA15F0 /* PersonRegisterFunction.swift */,
				B05AF42229E2E3B300BA15F0 /* ReasonTemplateEditFunction.swift */,
				B05AF42429E2E6D300BA15F0 /* ReasonTemplateGetFunction.swift */,
				B0F5FAA629E55299008C0380 /* InvitationLinkCreateIdFunction.swift */,
				B0F5FAA829E55334008C0380 /* InvitationLinkWithdrawFunction.swift */,
				B0F5FAAA29E5535B008C0380 /* InvitationLinkGetPersonFunction.swift */,
			);
			path = Functions;
			sourceTree = "<group>";
		};
		B0E6A5CF29E06DCF0095471B /* FirebaseInterfaceTests */ = {
			isa = PBXGroup;
			children = (
				B0E6A5D029E06DEF0095471B /* DeleteAllDataFunction.swift */,
				B0E6A5D229E06EC70095471B /* ClubNewTestFunction.swift */,
				B0E6A5D429E06FA00095471B /* FirebaseFunctionsTests.swift */,
			);
			path = FirebaseInterfaceTests;
			sourceTree = "<group>";
		};
		B0ED7DFA29E57D7F00685778 /* HomeViews */ = {
			isa = PBXGroup;
			children = (
				B0089A0129F27BCC0062054E /* PersonList */,
				B0ED7DFB29E57DB900685778 /* Login */,
			);
			path = HomeViews;
			sourceTree = "<group>";
		};
		B0ED7DFB29E57DB900685778 /* Login */ = {
			isa = PBXGroup;
			children = (
				B0ED7DFC29E57DD900685778 /* StartPageView.swift */,
				B0F598D429E6CC650056B871 /* TermsAndPrivacyView.swift */,
				B0F598D629E6FEB00056B871 /* InvitationLinkAndCreateClubView.swift */,
				B0F598DA29EA9FEF0056B871 /* InvitationLinkWelcomePersonView.swift */,
				B0F598DC29EABD620056B871 /* LoginView.swift */,
				B0679DDB29EE8BC1005A4109 /* CreateClubView.swift */,
			);
			path = Login;
			sourceTree = "<group>";
		};
/* End PBXGroup section */

/* Begin PBXNativeTarget section */
		B03563BB29DEE215000BB7AD /* StrafenProject */ = {
			isa = PBXNativeTarget;
			buildConfigurationList = B03563E029DEE21B000BB7AD /* Build configuration list for PBXNativeTarget "StrafenProject" */;
			buildPhases = (
				B03563B829DEE215000BB7AD /* Sources */,
				B03563B929DEE215000BB7AD /* Frameworks */,
				B03563BA29DEE215000BB7AD /* Resources */,
			);
			buildRules = (
			);
			dependencies = (
			);
			name = StrafenProject;
			packageProductDependencies = (
				B03563EC29DEEDC5000BB7AD /* FirebaseAnalytics */,
				B03563EE29DEEDC5000BB7AD /* FirebaseAnalyticsOnDeviceConversion */,
				B03563F029DEEDC5000BB7AD /* FirebaseAnalyticsSwift */,
				B03563F229DEEDC5000BB7AD /* FirebaseAnalyticsWithoutAdIdSupport */,
				B03563F429DEEDC6000BB7AD /* FirebaseAuth */,
				B03563F629DEEDC6000BB7AD /* FirebaseAuthCombine-Community */,
				B03563F829DEEDC6000BB7AD /* FirebaseCrashlytics */,
				B03563FA29DEEDC6000BB7AD /* FirebaseDatabase */,
				B03563FC29DEEDC6000BB7AD /* FirebaseDatabaseSwift */,
				B03563FE29DEEDC6000BB7AD /* FirebaseFirestore */,
				B035640029DEEDC6000BB7AD /* FirebaseFirestoreCombine-Community */,
				B035640229DEEDC6000BB7AD /* FirebaseFirestoreSwift */,
				B035640429DEEDC6000BB7AD /* FirebaseFunctions */,
				B035640629DEEDC6000BB7AD /* FirebaseFunctionsCombine-Community */,
				B035640829DEEDC6000BB7AD /* FirebaseInstallations */,
				B035640C29DEEDC6000BB7AD /* FirebasePerformance */,
				B035640E29DEEDC6000BB7AD /* FirebaseStorage */,
				B035641029DEEDC6000BB7AD /* FirebaseStorageCombine-Community */,
				B035642229DEFB5F000BB7AD /* CryptoSwift */,
				B0F598DF29EAC2660056B871 /* GoogleSignIn */,
				B0F598E129EAC2660056B871 /* GoogleSignInSwift */,
			);
			productName = StrafenProject;
			productReference = B03563BC29DEE215000BB7AD /* StrafenProject.app */;
			productType = "com.apple.product-type.application";
		};
		B03563CB29DEE21B000BB7AD /* StrafenProjectTests */ = {
			isa = PBXNativeTarget;
			buildConfigurationList = B03563E329DEE21B000BB7AD /* Build configuration list for PBXNativeTarget "StrafenProjectTests" */;
			buildPhases = (
				B03563C829DEE21B000BB7AD /* Sources */,
				B03563C929DEE21B000BB7AD /* Frameworks */,
				B03563CA29DEE21B000BB7AD /* Resources */,
			);
			buildRules = (
			);
			dependencies = (
				B03563CE29DEE21B000BB7AD /* PBXTargetDependency */,
			);
			name = StrafenProjectTests;
			packageProductDependencies = (
			);
			productName = StrafenProjectTests;
			productReference = B03563CC29DEE21B000BB7AD /* StrafenProjectTests.xctest */;
			productType = "com.apple.product-type.bundle.unit-test";
		};
		B03563D529DEE21B000BB7AD /* StrafenProjectUITests */ = {
			isa = PBXNativeTarget;
			buildConfigurationList = B03563E629DEE21B000BB7AD /* Build configuration list for PBXNativeTarget "StrafenProjectUITests" */;
			buildPhases = (
				B03563D229DEE21B000BB7AD /* Sources */,
				B03563D329DEE21B000BB7AD /* Frameworks */,
				B03563D429DEE21B000BB7AD /* Resources */,
			);
			buildRules = (
			);
			dependencies = (
				B03563D829DEE21B000BB7AD /* PBXTargetDependency */,
			);
			name = StrafenProjectUITests;
			productName = StrafenProjectUITests;
			productReference = B03563D629DEE21B000BB7AD /* StrafenProjectUITests.xctest */;
			productType = "com.apple.product-type.bundle.ui-testing";
		};
/* End PBXNativeTarget section */

/* Begin PBXProject section */
		B03563B429DEE215000BB7AD /* Project object */ = {
			isa = PBXProject;
			attributes = {
				BuildIndependentTargetsInParallel = 1;
				LastSwiftUpdateCheck = 1430;
				LastUpgradeCheck = 1430;
				TargetAttributes = {
					B03563BB29DEE215000BB7AD = {
						CreatedOnToolsVersion = 14.3;
					};
					B03563CB29DEE21B000BB7AD = {
						CreatedOnToolsVersion = 14.3;
						TestTargetID = B03563BB29DEE215000BB7AD;
					};
					B03563D529DEE21B000BB7AD = {
						CreatedOnToolsVersion = 14.3;
						TestTargetID = B03563BB29DEE215000BB7AD;
					};
				};
			};
			buildConfigurationList = B03563B729DEE215000BB7AD /* Build configuration list for PBXProject "StrafenProject" */;
			compatibilityVersion = "Xcode 14.0";
			developmentRegion = en;
			hasScannedForEncodings = 0;
			knownRegions = (
				en,
				de,
			);
			mainGroup = B03563B329DEE215000BB7AD;
			packageReferences = (
				B03563EB29DEEDC5000BB7AD /* XCRemoteSwiftPackageReference "firebase-ios-sdk" */,
				B035642129DEFB5F000BB7AD /* XCRemoteSwiftPackageReference "CryptoSwift" */,
				B0F598DE29EAC2660056B871 /* XCRemoteSwiftPackageReference "GoogleSignIn-iOS" */,
			);
			productRefGroup = B03563BD29DEE215000BB7AD /* Products */;
			projectDirPath = "";
			projectRoot = "";
			targets = (
				B03563BB29DEE215000BB7AD /* StrafenProject */,
				B03563CB29DEE21B000BB7AD /* StrafenProjectTests */,
				B03563D529DEE21B000BB7AD /* StrafenProjectUITests */,
			);
		};
/* End PBXProject section */

/* Begin PBXResourcesBuildPhase section */
		B03563BA29DEE215000BB7AD /* Resources */ = {
			isa = PBXResourcesBuildPhase;
			buildActionMask = 2147483647;
			files = (
				B0F598D029E6B5500056B871 /* Localizable.strings in Resources */,
				B03563C729DEE21A000BB7AD /* Preview Assets.xcassets in Resources */,
				B0F598CD29E6B5500056B871 /* InfoPlist.strings in Resources */,
				B03563C429DEE21A000BB7AD /* Assets.xcassets in Resources */,
				B03563EA29DEE9E2000BB7AD /* GoogleService-Info.plist in Resources */,
			);
			runOnlyForDeploymentPostprocessing = 0;
		};
		B03563CA29DEE21B000BB7AD /* Resources */ = {
			isa = PBXResourcesBuildPhase;
			buildActionMask = 2147483647;
			files = (
			);
			runOnlyForDeploymentPostprocessing = 0;
		};
		B03563D429DEE21B000BB7AD /* Resources */ = {
			isa = PBXResourcesBuildPhase;
			buildActionMask = 2147483647;
			files = (
			);
			runOnlyForDeploymentPostprocessing = 0;
		};
/* End PBXResourcesBuildPhase section */

/* Begin PBXSourcesBuildPhase section */
		B03563B829DEE215000BB7AD /* Sources */ = {
			isa = PBXSourcesBuildPhase;
			buildActionMask = 2147483647;
			files = (
				B0F598DB29EA9FEF0056B871 /* InvitationLinkWelcomePersonView.swift in Sources */,
				B0E6A5AA29E046D80095471B /* Person.swift in Sources */,
				B05AF42929E2F2E400BA15F0 /* OperationResult.swift in Sources */,
				B06E9FFB29E1BDCC0034B178 /* CubNewFunction.swift in Sources */,
				B05AF41B29E2ADB000BA15F0 /* PersonEditFunction.swift in Sources */,
				B0E6A5B429E052630095471B /* FirebaseFunctionParameters.swift in Sources */,
				B0089A0829F2AC910062054E /* FirebaseImageStorage.swift in Sources */,
				B0E6A58129DF1C9B0095471B /* FixedLength.swift in Sources */,
				B0E6A5C529E061CE0095471B /* CallSecret.swift in Sources */,
				B0089A0A29F2AD670062054E /* FirebaseStorageCache.swift in Sources */,
				B08C851029F938F90051473E /* View+toolbar.swift in Sources */,
				B05AF42329E2E3B300BA15F0 /* ReasonTemplateEditFunction.swift in Sources */,
				B0E6A5C329E05F2A0095471B /* PrivateKeys.swift in Sources */,
				B0E6A59429E03D040095471B /* Tagged.swift in Sources */,
				B05AF42E29E2F56100BA15F0 /* Settings.swift in Sources */,
				B0E6A58629E035C80095471B /* Amount.swift in Sources */,
				B05AF42729E2F2A700BA15F0 /* ConnectionState.swift in Sources */,
				B06EA00329E1DA610034B178 /* FineEditPayedFunction.swift in Sources */,
				B00899FE29F002AA0062054E /* BottomBar.swift in Sources */,
				B035641A29DEF82C000BB7AD /* PseudoRandom.swift in Sources */,
				B05AF41D29E2B1C500BA15F0 /* PersonGetCurrentFunction.swift in Sources */,
				B0679DDC29EE8BC1005A4109 /* CreateClubView.swift in Sources */,
				B00899FB29EFD8830062054E /* Text+describing.swift in Sources */,
				B0E6A5A629E0447D0095471B /* Fine.swift in Sources */,
				B0E6A5C129E05E680095471B /* DatabaseType.swift in Sources */,
				B05AF41F29E2B94300BA15F0 /* PersonGetFunction.swift in Sources */,
				B0E6A59E29E042420095471B /* FineReason.swift in Sources */,
				B08C850E29F934B70051473E /* PersonAddAndEdit.swift in Sources */,
				B035641C29DEF912000BB7AD /* RandomBitIterator.swift in Sources */,
				B0ED7DFD29E57DD900685778 /* StartPageView.swift in Sources */,
				B0E6A5B229E051DC0095471B /* FirebaseFunction.swift in Sources */,
				B03563C229DEE215000BB7AD /* ContentView.swift in Sources */,
				B0E6A5B629E052BA0095471B /* FirebaseFunctionInternalParameterType.swift in Sources */,
				B0E6A58E29E03B050095471B /* RandomPlaceholder.swift in Sources */,
				B0F5FAA929E55334008C0380 /* InvitationLinkWithdrawFunction.swift in Sources */,
				B0F598D529E6CC650056B871 /* TermsAndPrivacyView.swift in Sources */,
				B0E6A59229E03CE50095471B /* ClubProperties.swift in Sources */,
				B0E6A5C729E067BC0095471B /* FirebaseFunctionResult.swift in Sources */,
				B05AF43229E2F65C00BA15F0 /* Settings+SignedInPerson.swift in Sources */,
				B05AF42B29E2F43E00BA15F0 /* ValidationResult.swift in Sources */,
				B0C75A0B29EACCC6004650BA /* UIApplication+rootViewController.swift in Sources */,
				B0E6A5BF29E0594E0095471B /* FirebaseFunctionCaller.swift in Sources */,
				B0F598D729E6FEB00056B871 /* InvitationLinkAndCreateClubView.swift in Sources */,
				B0E6A5AE29E049960095471B /* ReasonTemplate.swift in Sources */,
				B05AF43029E2F5CA00BA15F0 /* Settings+Appearance.swift in Sources */,
				B0F5FAA729E55299008C0380 /* InvitationLinkCreateIdFunction.swift in Sources */,
				B0E6A58329DF22750095471B /* Array+randomBytes.swift in Sources */,
				B035641829DEF71F000BB7AD /* CombineIterator.swift in Sources */,
				B06EA00129E1D3AD0034B178 /* EditType.swift in Sources */,
				B0089A0629F2AB010062054E /* FirebaseStorageImageType.swift in Sources */,
				B035641429DEF2A5000BB7AD /* Bit.swift in Sources */,
				B06EA00529E1DFCE0034B178 /* FineGetFunction.swift in Sources */,
				B0E6A5CC29E06C150095471B /* FirebaseConfigurator.swift in Sources */,
				B05AF42529E2E6D300BA15F0 /* ReasonTemplateGetFunction.swift in Sources */,
				B0E6A5CE29E06D410095471B /* FirebaseAuthenticator.swift in Sources */,
				B035642529DEFCE3000BB7AD /* Data+Unishort.swift in Sources */,
				B035641629DEF45A000BB7AD /* DataToBitIterator.swift in Sources */,
				B06E9FFF29E1D34D0034B178 /* FineEditFunction.swift in Sources */,
				B06EA00729E1EC7D0034B178 /* IdentifiableList.swift in Sources */,
				B0E6A5A229E042BB0095471B /* PayedState.swift in Sources */,
				B035642029DEFABE000BB7AD /* Crypter.swift in Sources */,
				B03563C029DEE215000BB7AD /* StrafenProjectApp.swift in Sources */,
				B0E6A5BB29E0565B0095471B /* FirebaseFunctionParametersBuilder.swift in Sources */,
				B0E6A57F29DF1C080095471B /* JSONDecoder+iso8601WithMilliseconds.swift in Sources */,
				B0F5FAAB29E5535B008C0380 /* InvitationLinkGetPersonFunction.swift in Sources */,
				B0089A0C29F2C32C0062054E /* View+if.swift in Sources */,
				B05AF42129E2BB5600BA15F0 /* PersonRegisterFunction.swift in Sources */,
				B05AF43429E2F6DF00BA15F0 /* SettingsManager.swift in Sources */,
				B0E6A58B29E036F70095471B /* Clamping.swift in Sources */,
				B0089A0329F27BDB0062054E /* PersonList.swift in Sources */,
				B0E6A5B829E0537B0095471B /* FirebaseFunctionParameterType.swift in Sources */,
				B0E6A5BD29E057B30095471B /* FirebaseFunctionParameter.swift in Sources */,
				B0C75A0D29EACFF4004650BA /* String+randomNonce.swift in Sources */,
				B0F598DD29EABD620056B871 /* LoginView.swift in Sources */,
				B0089A0029F1C6360062054E /* AppProperties.swift in Sources */,
				B0F598D929E976810056B871 /* FirebaseFunctionError.swift in Sources */,
			);
			runOnlyForDeploymentPostprocessing = 0;
		};
		B03563C829DEE21B000BB7AD /* Sources */ = {
			isa = PBXSourcesBuildPhase;
			buildActionMask = 2147483647;
			files = (
				B05AF43629E2FDB700BA15F0 /* SettingsTests.swift in Sources */,
				B0E6A5D129E06DEF0095471B /* DeleteAllDataFunction.swift in Sources */,
				B0E6A5D529E06FA00095471B /* FirebaseFunctionsTests.swift in Sources */,
				B035642729DF078A000BB7AD /* CrypterTests.swift in Sources */,
				B0E6A5D729E070A80095471B /* Utilities.swift in Sources */,
				B0E6A5D329E06EC70095471B /* ClubNewTestFunction.swift in Sources */,
			);
			runOnlyForDeploymentPostprocessing = 0;
		};
		B03563D229DEE21B000BB7AD /* Sources */ = {
			isa = PBXSourcesBuildPhase;
			buildActionMask = 2147483647;
			files = (
				B03563DD29DEE21B000BB7AD /* StrafenProjectUITestsLaunchTests.swift in Sources */,
				B03563DB29DEE21B000BB7AD /* StrafenProjectUITests.swift in Sources */,
			);
			runOnlyForDeploymentPostprocessing = 0;
		};
/* End PBXSourcesBuildPhase section */

/* Begin PBXTargetDependency section */
		B03563CE29DEE21B000BB7AD /* PBXTargetDependency */ = {
			isa = PBXTargetDependency;
			target = B03563BB29DEE215000BB7AD /* StrafenProject */;
			targetProxy = B03563CD29DEE21B000BB7AD /* PBXContainerItemProxy */;
		};
		B03563D829DEE21B000BB7AD /* PBXTargetDependency */ = {
			isa = PBXTargetDependency;
			target = B03563BB29DEE215000BB7AD /* StrafenProject */;
			targetProxy = B03563D729DEE21B000BB7AD /* PBXContainerItemProxy */;
		};
/* End PBXTargetDependency section */

/* Begin PBXVariantGroup section */
		B0F598CB29E6B5500056B871 /* InfoPlist.strings */ = {
			isa = PBXVariantGroup;
			children = (
				B0F598CC29E6B5500056B871 /* de */,
				B0F598D129E6B55A0056B871 /* en */,
			);
			name = InfoPlist.strings;
			sourceTree = "<group>";
		};
		B0F598CE29E6B5500056B871 /* Localizable.strings */ = {
			isa = PBXVariantGroup;
			children = (
				B0F598CF29E6B5500056B871 /* de */,
				B0F598D329E6B5DD0056B871 /* en */,
			);
			name = Localizable.strings;
			sourceTree = "<group>";
		};
/* End PBXVariantGroup section */

/* Begin XCBuildConfiguration section */
		B03563DE29DEE21B000BB7AD /* Debug */ = {
			isa = XCBuildConfiguration;
			buildSettings = {
				ALWAYS_SEARCH_USER_PATHS = NO;
				CLANG_ANALYZER_NONNULL = YES;
				CLANG_ANALYZER_NUMBER_OBJECT_CONVERSION = YES_AGGRESSIVE;
				CLANG_CXX_LANGUAGE_STANDARD = "gnu++20";
				CLANG_ENABLE_MODULES = YES;
				CLANG_ENABLE_OBJC_ARC = YES;
				CLANG_ENABLE_OBJC_WEAK = YES;
				CLANG_WARN_BLOCK_CAPTURE_AUTORELEASING = YES;
				CLANG_WARN_BOOL_CONVERSION = YES;
				CLANG_WARN_COMMA = YES;
				CLANG_WARN_CONSTANT_CONVERSION = YES;
				CLANG_WARN_DEPRECATED_OBJC_IMPLEMENTATIONS = YES;
				CLANG_WARN_DIRECT_OBJC_ISA_USAGE = YES_ERROR;
				CLANG_WARN_DOCUMENTATION_COMMENTS = YES;
				CLANG_WARN_EMPTY_BODY = YES;
				CLANG_WARN_ENUM_CONVERSION = YES;
				CLANG_WARN_INFINITE_RECURSION = YES;
				CLANG_WARN_INT_CONVERSION = YES;
				CLANG_WARN_NON_LITERAL_NULL_CONVERSION = YES;
				CLANG_WARN_OBJC_IMPLICIT_RETAIN_SELF = YES;
				CLANG_WARN_OBJC_LITERAL_CONVERSION = YES;
				CLANG_WARN_OBJC_ROOT_CLASS = YES_ERROR;
				CLANG_WARN_QUOTED_INCLUDE_IN_FRAMEWORK_HEADER = YES;
				CLANG_WARN_RANGE_LOOP_ANALYSIS = YES;
				CLANG_WARN_STRICT_PROTOTYPES = YES;
				CLANG_WARN_SUSPICIOUS_MOVE = YES;
				CLANG_WARN_UNGUARDED_AVAILABILITY = YES_AGGRESSIVE;
				CLANG_WARN_UNREACHABLE_CODE = YES;
				CLANG_WARN__DUPLICATE_METHOD_MATCH = YES;
				COPY_PHASE_STRIP = NO;
				DEBUG_INFORMATION_FORMAT = dwarf;
				ENABLE_STRICT_OBJC_MSGSEND = YES;
				ENABLE_TESTABILITY = YES;
				GCC_C_LANGUAGE_STANDARD = gnu11;
				GCC_DYNAMIC_NO_PIC = NO;
				GCC_NO_COMMON_BLOCKS = YES;
				GCC_OPTIMIZATION_LEVEL = 0;
				GCC_PREPROCESSOR_DEFINITIONS = (
					"DEBUG=1",
					"$(inherited)",
				);
				GCC_WARN_64_TO_32_BIT_CONVERSION = YES;
				GCC_WARN_ABOUT_RETURN_TYPE = YES_ERROR;
				GCC_WARN_UNDECLARED_SELECTOR = YES;
				GCC_WARN_UNINITIALIZED_AUTOS = YES_AGGRESSIVE;
				GCC_WARN_UNUSED_FUNCTION = YES;
				GCC_WARN_UNUSED_VARIABLE = YES;
				IPHONEOS_DEPLOYMENT_TARGET = 16.4;
				MTL_ENABLE_DEBUG_INFO = INCLUDE_SOURCE;
				MTL_FAST_MATH = YES;
				ONLY_ACTIVE_ARCH = YES;
				SDKROOT = iphoneos;
				SWIFT_ACTIVE_COMPILATION_CONDITIONS = DEBUG;
				SWIFT_OPTIMIZATION_LEVEL = "-Onone";
			};
			name = Debug;
		};
		B03563DF29DEE21B000BB7AD /* Release */ = {
			isa = XCBuildConfiguration;
			buildSettings = {
				ALWAYS_SEARCH_USER_PATHS = NO;
				CLANG_ANALYZER_NONNULL = YES;
				CLANG_ANALYZER_NUMBER_OBJECT_CONVERSION = YES_AGGRESSIVE;
				CLANG_CXX_LANGUAGE_STANDARD = "gnu++20";
				CLANG_ENABLE_MODULES = YES;
				CLANG_ENABLE_OBJC_ARC = YES;
				CLANG_ENABLE_OBJC_WEAK = YES;
				CLANG_WARN_BLOCK_CAPTURE_AUTORELEASING = YES;
				CLANG_WARN_BOOL_CONVERSION = YES;
				CLANG_WARN_COMMA = YES;
				CLANG_WARN_CONSTANT_CONVERSION = YES;
				CLANG_WARN_DEPRECATED_OBJC_IMPLEMENTATIONS = YES;
				CLANG_WARN_DIRECT_OBJC_ISA_USAGE = YES_ERROR;
				CLANG_WARN_DOCUMENTATION_COMMENTS = YES;
				CLANG_WARN_EMPTY_BODY = YES;
				CLANG_WARN_ENUM_CONVERSION = YES;
				CLANG_WARN_INFINITE_RECURSION = YES;
				CLANG_WARN_INT_CONVERSION = YES;
				CLANG_WARN_NON_LITERAL_NULL_CONVERSION = YES;
				CLANG_WARN_OBJC_IMPLICIT_RETAIN_SELF = YES;
				CLANG_WARN_OBJC_LITERAL_CONVERSION = YES;
				CLANG_WARN_OBJC_ROOT_CLASS = YES_ERROR;
				CLANG_WARN_QUOTED_INCLUDE_IN_FRAMEWORK_HEADER = YES;
				CLANG_WARN_RANGE_LOOP_ANALYSIS = YES;
				CLANG_WARN_STRICT_PROTOTYPES = YES;
				CLANG_WARN_SUSPICIOUS_MOVE = YES;
				CLANG_WARN_UNGUARDED_AVAILABILITY = YES_AGGRESSIVE;
				CLANG_WARN_UNREACHABLE_CODE = YES;
				CLANG_WARN__DUPLICATE_METHOD_MATCH = YES;
				COPY_PHASE_STRIP = NO;
				DEBUG_INFORMATION_FORMAT = "dwarf-with-dsym";
				ENABLE_NS_ASSERTIONS = NO;
				ENABLE_STRICT_OBJC_MSGSEND = YES;
				GCC_C_LANGUAGE_STANDARD = gnu11;
				GCC_NO_COMMON_BLOCKS = YES;
				GCC_WARN_64_TO_32_BIT_CONVERSION = YES;
				GCC_WARN_ABOUT_RETURN_TYPE = YES_ERROR;
				GCC_WARN_UNDECLARED_SELECTOR = YES;
				GCC_WARN_UNINITIALIZED_AUTOS = YES_AGGRESSIVE;
				GCC_WARN_UNUSED_FUNCTION = YES;
				GCC_WARN_UNUSED_VARIABLE = YES;
				IPHONEOS_DEPLOYMENT_TARGET = 16.4;
				MTL_ENABLE_DEBUG_INFO = NO;
				MTL_FAST_MATH = YES;
				SDKROOT = iphoneos;
				SWIFT_COMPILATION_MODE = wholemodule;
				SWIFT_OPTIMIZATION_LEVEL = "-O";
				VALIDATE_PRODUCT = YES;
			};
			name = Release;
		};
		B03563E129DEE21B000BB7AD /* Debug */ = {
			isa = XCBuildConfiguration;
			buildSettings = {
				ASSETCATALOG_COMPILER_APPICON_NAME = AppIcon;
				ASSETCATALOG_COMPILER_GLOBAL_ACCENT_COLOR_NAME = AccentColor;
				ASSETCATALOG_COMPILER_INCLUDE_ALL_APPICON_ASSETS = NO;
				CODE_SIGN_ENTITLEMENTS = StrafenProject/StrafenProject.entitlements;
				CODE_SIGN_STYLE = Automatic;
				CURRENT_PROJECT_VERSION = 1;
				DEVELOPMENT_ASSET_PATHS = "\"StrafenProject/Preview Content\"";
				DEVELOPMENT_TEAM = K7NTJ83ZF8;
				ENABLE_PREVIEWS = YES;
				GENERATE_INFOPLIST_FILE = YES;
				INFOPLIST_FILE = StrafenProject/Info.plist;
				INFOPLIST_KEY_LSApplicationCategoryType = "public.app-category.productivity";
				INFOPLIST_KEY_UIApplicationSceneManifest_Generation = YES;
				INFOPLIST_KEY_UIApplicationSupportsIndirectInputEvents = YES;
				INFOPLIST_KEY_UILaunchScreen_Generation = YES;
				INFOPLIST_KEY_UISupportedInterfaceOrientations = UIInterfaceOrientationPortrait;
				INFOPLIST_KEY_UISupportedInterfaceOrientations_iPad = "UIInterfaceOrientationLandscapeLeft UIInterfaceOrientationLandscapeRight UIInterfaceOrientationPortrait UIInterfaceOrientationPortraitUpsideDown";
				LD_RUNPATH_SEARCH_PATHS = (
					"$(inherited)",
					"@executable_path/Frameworks",
				);
				MARKETING_VERSION = 1.0;
				PRODUCT_BUNDLE_IDENTIFIER = stevenkellner.StrafenProject;
				PRODUCT_NAME = "$(TARGET_NAME)";
				SUPPORTED_PLATFORMS = "iphoneos iphonesimulator";
				SUPPORTS_MACCATALYST = NO;
				SUPPORTS_MAC_DESIGNED_FOR_IPHONE_IPAD = NO;
				SWIFT_EMIT_LOC_STRINGS = YES;
				SWIFT_VERSION = 5.0;
				TARGETED_DEVICE_FAMILY = 1;
			};
			name = Debug;
		};
		B03563E229DEE21B000BB7AD /* Release */ = {
			isa = XCBuildConfiguration;
			buildSettings = {
				ASSETCATALOG_COMPILER_APPICON_NAME = AppIcon;
				ASSETCATALOG_COMPILER_GLOBAL_ACCENT_COLOR_NAME = AccentColor;
				ASSETCATALOG_COMPILER_INCLUDE_ALL_APPICON_ASSETS = NO;
				CODE_SIGN_ENTITLEMENTS = StrafenProject/StrafenProject.entitlements;
				CODE_SIGN_STYLE = Automatic;
				CURRENT_PROJECT_VERSION = 1;
				DEVELOPMENT_ASSET_PATHS = "\"StrafenProject/Preview Content\"";
				DEVELOPMENT_TEAM = K7NTJ83ZF8;
				ENABLE_PREVIEWS = YES;
				GENERATE_INFOPLIST_FILE = YES;
				INFOPLIST_FILE = StrafenProject/Info.plist;
				INFOPLIST_KEY_LSApplicationCategoryType = "public.app-category.productivity";
				INFOPLIST_KEY_UIApplicationSceneManifest_Generation = YES;
				INFOPLIST_KEY_UIApplicationSupportsIndirectInputEvents = YES;
				INFOPLIST_KEY_UILaunchScreen_Generation = YES;
				INFOPLIST_KEY_UISupportedInterfaceOrientations = UIInterfaceOrientationPortrait;
				INFOPLIST_KEY_UISupportedInterfaceOrientations_iPad = "UIInterfaceOrientationLandscapeLeft UIInterfaceOrientationLandscapeRight UIInterfaceOrientationPortrait UIInterfaceOrientationPortraitUpsideDown";
				LD_RUNPATH_SEARCH_PATHS = (
					"$(inherited)",
					"@executable_path/Frameworks",
				);
				MARKETING_VERSION = 1.0;
				PRODUCT_BUNDLE_IDENTIFIER = stevenkellner.StrafenProject;
				PRODUCT_NAME = "$(TARGET_NAME)";
				SUPPORTED_PLATFORMS = "iphoneos iphonesimulator";
				SUPPORTS_MACCATALYST = NO;
				SUPPORTS_MAC_DESIGNED_FOR_IPHONE_IPAD = NO;
				SWIFT_EMIT_LOC_STRINGS = YES;
				SWIFT_VERSION = 5.0;
				TARGETED_DEVICE_FAMILY = 1;
			};
			name = Release;
		};
		B03563E429DEE21B000BB7AD /* Debug */ = {
			isa = XCBuildConfiguration;
			buildSettings = {
				ALWAYS_EMBED_SWIFT_STANDARD_LIBRARIES = YES;
				BUNDLE_LOADER = "$(TEST_HOST)";
				CODE_SIGN_STYLE = Automatic;
				CURRENT_PROJECT_VERSION = 1;
				DEVELOPMENT_TEAM = K7NTJ83ZF8;
				GENERATE_INFOPLIST_FILE = YES;
				IPHONEOS_DEPLOYMENT_TARGET = 16.4;
				MARKETING_VERSION = 1.0;
				PRODUCT_BUNDLE_IDENTIFIER = stevenkellner.StrafenProjectTests;
				PRODUCT_NAME = "$(TARGET_NAME)";
				SWIFT_EMIT_LOC_STRINGS = NO;
				SWIFT_VERSION = 5.0;
				TARGETED_DEVICE_FAMILY = "1,2";
				TEST_HOST = "$(BUILT_PRODUCTS_DIR)/StrafenProject.app/StrafenProject";
			};
			name = Debug;
		};
		B03563E529DEE21B000BB7AD /* Release */ = {
			isa = XCBuildConfiguration;
			buildSettings = {
				ALWAYS_EMBED_SWIFT_STANDARD_LIBRARIES = YES;
				BUNDLE_LOADER = "$(TEST_HOST)";
				CODE_SIGN_STYLE = Automatic;
				CURRENT_PROJECT_VERSION = 1;
				DEVELOPMENT_TEAM = K7NTJ83ZF8;
				GENERATE_INFOPLIST_FILE = YES;
				IPHONEOS_DEPLOYMENT_TARGET = 16.4;
				MARKETING_VERSION = 1.0;
				PRODUCT_BUNDLE_IDENTIFIER = stevenkellner.StrafenProjectTests;
				PRODUCT_NAME = "$(TARGET_NAME)";
				SWIFT_EMIT_LOC_STRINGS = NO;
				SWIFT_VERSION = 5.0;
				TARGETED_DEVICE_FAMILY = "1,2";
				TEST_HOST = "$(BUILT_PRODUCTS_DIR)/StrafenProject.app/StrafenProject";
			};
			name = Release;
		};
		B03563E729DEE21B000BB7AD /* Debug */ = {
			isa = XCBuildConfiguration;
			buildSettings = {
				ALWAYS_EMBED_SWIFT_STANDARD_LIBRARIES = YES;
				CODE_SIGN_STYLE = Automatic;
				CURRENT_PROJECT_VERSION = 1;
				DEVELOPMENT_TEAM = K7NTJ83ZF8;
				GENERATE_INFOPLIST_FILE = YES;
				MARKETING_VERSION = 1.0;
				PRODUCT_BUNDLE_IDENTIFIER = stevenkellner.StrafenProjectUITests;
				PRODUCT_NAME = "$(TARGET_NAME)";
				SWIFT_EMIT_LOC_STRINGS = NO;
				SWIFT_VERSION = 5.0;
				TARGETED_DEVICE_FAMILY = "1,2";
				TEST_TARGET_NAME = StrafenProject;
			};
			name = Debug;
		};
		B03563E829DEE21B000BB7AD /* Release */ = {
			isa = XCBuildConfiguration;
			buildSettings = {
				ALWAYS_EMBED_SWIFT_STANDARD_LIBRARIES = YES;
				CODE_SIGN_STYLE = Automatic;
				CURRENT_PROJECT_VERSION = 1;
				DEVELOPMENT_TEAM = K7NTJ83ZF8;
				GENERATE_INFOPLIST_FILE = YES;
				MARKETING_VERSION = 1.0;
				PRODUCT_BUNDLE_IDENTIFIER = stevenkellner.StrafenProjectUITests;
				PRODUCT_NAME = "$(TARGET_NAME)";
				SWIFT_EMIT_LOC_STRINGS = NO;
				SWIFT_VERSION = 5.0;
				TARGETED_DEVICE_FAMILY = "1,2";
				TEST_TARGET_NAME = StrafenProject;
			};
			name = Release;
		};
/* End XCBuildConfiguration section */

/* Begin XCConfigurationList section */
		B03563B729DEE215000BB7AD /* Build configuration list for PBXProject "StrafenProject" */ = {
			isa = XCConfigurationList;
			buildConfigurations = (
				B03563DE29DEE21B000BB7AD /* Debug */,
				B03563DF29DEE21B000BB7AD /* Release */,
			);
			defaultConfigurationIsVisible = 0;
			defaultConfigurationName = Release;
		};
		B03563E029DEE21B000BB7AD /* Build configuration list for PBXNativeTarget "StrafenProject" */ = {
			isa = XCConfigurationList;
			buildConfigurations = (
				B03563E129DEE21B000BB7AD /* Debug */,
				B03563E229DEE21B000BB7AD /* Release */,
			);
			defaultConfigurationIsVisible = 0;
			defaultConfigurationName = Release;
		};
		B03563E329DEE21B000BB7AD /* Build configuration list for PBXNativeTarget "StrafenProjectTests" */ = {
			isa = XCConfigurationList;
			buildConfigurations = (
				B03563E429DEE21B000BB7AD /* Debug */,
				B03563E529DEE21B000BB7AD /* Release */,
			);
			defaultConfigurationIsVisible = 0;
			defaultConfigurationName = Release;
		};
		B03563E629DEE21B000BB7AD /* Build configuration list for PBXNativeTarget "StrafenProjectUITests" */ = {
			isa = XCConfigurationList;
			buildConfigurations = (
				B03563E729DEE21B000BB7AD /* Debug */,
				B03563E829DEE21B000BB7AD /* Release */,
			);
			defaultConfigurationIsVisible = 0;
			defaultConfigurationName = Release;
		};
/* End XCConfigurationList section */

/* Begin XCRemoteSwiftPackageReference section */
		B03563EB29DEEDC5000BB7AD /* XCRemoteSwiftPackageReference "firebase-ios-sdk" */ = {
			isa = XCRemoteSwiftPackageReference;
			repositoryURL = "https://github.com/firebase/firebase-ios-sdk";
			requirement = {
				kind = upToNextMajorVersion;
				minimumVersion = 10.0.0;
			};
		};
		B035642129DEFB5F000BB7AD /* XCRemoteSwiftPackageReference "CryptoSwift" */ = {
			isa = XCRemoteSwiftPackageReference;
			repositoryURL = "https://github.com/krzyzanowskim/CryptoSwift";
			requirement = {
				kind = upToNextMajorVersion;
				minimumVersion = 1.0.0;
			};
		};
		B0F598DE29EAC2660056B871 /* XCRemoteSwiftPackageReference "GoogleSignIn-iOS" */ = {
			isa = XCRemoteSwiftPackageReference;
			repositoryURL = "https://github.com/google/GoogleSignIn-iOS";
			requirement = {
				kind = upToNextMajorVersion;
				minimumVersion = 7.0.0;
			};
		};
/* End XCRemoteSwiftPackageReference section */

/* Begin XCSwiftPackageProductDependency section */
		B03563EC29DEEDC5000BB7AD /* FirebaseAnalytics */ = {
			isa = XCSwiftPackageProductDependency;
			package = B03563EB29DEEDC5000BB7AD /* XCRemoteSwiftPackageReference "firebase-ios-sdk" */;
			productName = FirebaseAnalytics;
		};
		B03563EE29DEEDC5000BB7AD /* FirebaseAnalyticsOnDeviceConversion */ = {
			isa = XCSwiftPackageProductDependency;
			package = B03563EB29DEEDC5000BB7AD /* XCRemoteSwiftPackageReference "firebase-ios-sdk" */;
			productName = FirebaseAnalyticsOnDeviceConversion;
		};
		B03563F029DEEDC5000BB7AD /* FirebaseAnalyticsSwift */ = {
			isa = XCSwiftPackageProductDependency;
			package = B03563EB29DEEDC5000BB7AD /* XCRemoteSwiftPackageReference "firebase-ios-sdk" */;
			productName = FirebaseAnalyticsSwift;
		};
		B03563F229DEEDC5000BB7AD /* FirebaseAnalyticsWithoutAdIdSupport */ = {
			isa = XCSwiftPackageProductDependency;
			package = B03563EB29DEEDC5000BB7AD /* XCRemoteSwiftPackageReference "firebase-ios-sdk" */;
			productName = FirebaseAnalyticsWithoutAdIdSupport;
		};
		B03563F429DEEDC6000BB7AD /* FirebaseAuth */ = {
			isa = XCSwiftPackageProductDependency;
			package = B03563EB29DEEDC5000BB7AD /* XCRemoteSwiftPackageReference "firebase-ios-sdk" */;
			productName = FirebaseAuth;
		};
		B03563F629DEEDC6000BB7AD /* FirebaseAuthCombine-Community */ = {
			isa = XCSwiftPackageProductDependency;
			package = B03563EB29DEEDC5000BB7AD /* XCRemoteSwiftPackageReference "firebase-ios-sdk" */;
			productName = "FirebaseAuthCombine-Community";
		};
		B03563F829DEEDC6000BB7AD /* FirebaseCrashlytics */ = {
			isa = XCSwiftPackageProductDependency;
			package = B03563EB29DEEDC5000BB7AD /* XCRemoteSwiftPackageReference "firebase-ios-sdk" */;
			productName = FirebaseCrashlytics;
		};
		B03563FA29DEEDC6000BB7AD /* FirebaseDatabase */ = {
			isa = XCSwiftPackageProductDependency;
			package = B03563EB29DEEDC5000BB7AD /* XCRemoteSwiftPackageReference "firebase-ios-sdk" */;
			productName = FirebaseDatabase;
		};
		B03563FC29DEEDC6000BB7AD /* FirebaseDatabaseSwift */ = {
			isa = XCSwiftPackageProductDependency;
			package = B03563EB29DEEDC5000BB7AD /* XCRemoteSwiftPackageReference "firebase-ios-sdk" */;
			productName = FirebaseDatabaseSwift;
		};
		B03563FE29DEEDC6000BB7AD /* FirebaseFirestore */ = {
			isa = XCSwiftPackageProductDependency;
			package = B03563EB29DEEDC5000BB7AD /* XCRemoteSwiftPackageReference "firebase-ios-sdk" */;
			productName = FirebaseFirestore;
		};
		B035640029DEEDC6000BB7AD /* FirebaseFirestoreCombine-Community */ = {
			isa = XCSwiftPackageProductDependency;
			package = B03563EB29DEEDC5000BB7AD /* XCRemoteSwiftPackageReference "firebase-ios-sdk" */;
			productName = "FirebaseFirestoreCombine-Community";
		};
		B035640229DEEDC6000BB7AD /* FirebaseFirestoreSwift */ = {
			isa = XCSwiftPackageProductDependency;
			package = B03563EB29DEEDC5000BB7AD /* XCRemoteSwiftPackageReference "firebase-ios-sdk" */;
			productName = FirebaseFirestoreSwift;
		};
		B035640429DEEDC6000BB7AD /* FirebaseFunctions */ = {
			isa = XCSwiftPackageProductDependency;
			package = B03563EB29DEEDC5000BB7AD /* XCRemoteSwiftPackageReference "firebase-ios-sdk" */;
			productName = FirebaseFunctions;
		};
		B035640629DEEDC6000BB7AD /* FirebaseFunctionsCombine-Community */ = {
			isa = XCSwiftPackageProductDependency;
			package = B03563EB29DEEDC5000BB7AD /* XCRemoteSwiftPackageReference "firebase-ios-sdk" */;
			productName = "FirebaseFunctionsCombine-Community";
		};
		B035640829DEEDC6000BB7AD /* FirebaseInstallations */ = {
			isa = XCSwiftPackageProductDependency;
			package = B03563EB29DEEDC5000BB7AD /* XCRemoteSwiftPackageReference "firebase-ios-sdk" */;
			productName = FirebaseInstallations;
		};
		B035640C29DEEDC6000BB7AD /* FirebasePerformance */ = {
			isa = XCSwiftPackageProductDependency;
			package = B03563EB29DEEDC5000BB7AD /* XCRemoteSwiftPackageReference "firebase-ios-sdk" */;
			productName = FirebasePerformance;
		};
		B035640E29DEEDC6000BB7AD /* FirebaseStorage */ = {
			isa = XCSwiftPackageProductDependency;
			package = B03563EB29DEEDC5000BB7AD /* XCRemoteSwiftPackageReference "firebase-ios-sdk" */;
			productName = FirebaseStorage;
		};
		B035641029DEEDC6000BB7AD /* FirebaseStorageCombine-Community */ = {
			isa = XCSwiftPackageProductDependency;
			package = B03563EB29DEEDC5000BB7AD /* XCRemoteSwiftPackageReference "firebase-ios-sdk" */;
			productName = "FirebaseStorageCombine-Community";
		};
		B035642229DEFB5F000BB7AD /* CryptoSwift */ = {
			isa = XCSwiftPackageProductDependency;
			package = B035642129DEFB5F000BB7AD /* XCRemoteSwiftPackageReference "CryptoSwift" */;
			productName = CryptoSwift;
		};
		B0F598DF29EAC2660056B871 /* GoogleSignIn */ = {
			isa = XCSwiftPackageProductDependency;
			package = B0F598DE29EAC2660056B871 /* XCRemoteSwiftPackageReference "GoogleSignIn-iOS" */;
			productName = GoogleSignIn;
		};
		B0F598E129EAC2660056B871 /* GoogleSignInSwift */ = {
			isa = XCSwiftPackageProductDependency;
			package = B0F598DE29EAC2660056B871 /* XCRemoteSwiftPackageReference "GoogleSignIn-iOS" */;
			productName = GoogleSignInSwift;
		};
/* End XCSwiftPackageProductDependency section */
	};
	rootObject = B03563B429DEE215000BB7AD /* Project object */;
}
